{
  "name": "bpk-component-dialog",
  "version": "2.2.25",
  "lockfileVersion": 1,
  "requires": true,
  "dependencies": {
    "@babel/runtime": {
      "version": "7.12.18",
      "resolved": "https://registry.npmjs.org/@babel/runtime/-/runtime-7.12.18.tgz",
      "integrity": "sha512-BogPQ7ciE6SYAUPtlm9tWbgI9+2AgqSam6QivMgXgAT+fKbgppaj4ZX15MHeLC1PVF5sNk70huBu20XxWOs8Cg==",
      "requires": {
        "regenerator-runtime": "^0.13.4"
      }
    },
    "a11y-focus-scope": {
      "version": "1.1.3",
      "resolved": "https://registry.npmjs.org/a11y-focus-scope/-/a11y-focus-scope-1.1.3.tgz",
      "integrity": "sha1-95U4TU3UDM7BxKFg700TNx0BWug=",
      "requires": {
        "focusin": "^2.0.0",
        "tabbable": "^1.0.0"
      }
    },
    "a11y-focus-store": {
      "version": "1.0.0",
      "resolved": "https://registry.npmjs.org/a11y-focus-store/-/a11y-focus-store-1.0.0.tgz",
      "integrity": "sha1-rlJWHLhq5sKQTBpKvy5YIL9TBbA="
    },
    "asap": {
      "version": "2.0.6",
      "resolved": "https://registry.npmjs.org/asap/-/asap-2.0.6.tgz",
      "integrity": "sha1-5QNHYR1+aQlDIIu9r+vLwvuGbUY="
    },
    "bpk-component-button": {
      "version": "3.3.17",
      "resolved": "https://registry.npmjs.org/bpk-component-button/-/bpk-component-button-3.3.17.tgz",
      "integrity": "sha512-EizWyc+pY9VhKbGoFV26MqtuFi2Ql0Lb2kTud4o8oxrXU6yV9ble5kBj4R/PK/j1kbmRdLulweilIc5n+aVycA==",
      "dev": true,
      "requires": {
        "bpk-mixins": "^20.1.18",
        "prop-types": "^15.6.2"
      }
    },
    "bpk-component-close-button": {
      "version": "2.0.106",
      "resolved": "https://registry.npmjs.org/bpk-component-close-button/-/bpk-component-close-button-2.0.106.tgz",
      "integrity": "sha512-T7Nd9bOCvkO/jfS7rCdcTmv24TuzsYUkgLBkKyF7+GCHfN+KEQK7z1R+N3ENcmPfXIVGbtk+FooFpQXuea6sGA==",
      "requires": {
        "bpk-component-icon": "^8.3.9",
        "bpk-mixins": "^20.1.18",
        "bpk-react-utils": "^3.0.11",
        "prop-types": "^15.6.2"
      }
    },
    "bpk-component-flare": {
      "version": "1.0.103",
      "resolved": "https://registry.npmjs.org/bpk-component-flare/-/bpk-component-flare-1.0.103.tgz",
      "integrity": "sha512-bYA4p0WTcWC3dyOj4zAqent8drcxMnBYqNpiiAUzxZEh4GphVa4/CDCws9sGf+BDeWLoR7YXjrJNowopAg0fBg==",
      "requires": {
        "bpk-component-label": "^4.0.102",
        "bpk-component-text": "^3.1.36",
        "bpk-mixins": "^20.1.18",
        "bpk-react-utils": "^3.0.11",
        "prop-types": "^15.6.2"
      }
    },
    "bpk-component-icon": {
      "version": "8.3.9",
      "resolved": "https://registry.npmjs.org/bpk-component-icon/-/bpk-component-icon-8.3.9.tgz",
      "integrity": "sha512-cdTsu33QtW/EyyOWKMTUPhp7fKlg6C0SXVrDLouk/WwsOyCqXIwajx8FBMX9FFWf2nTiI18MD1TXD3ehFKtMng==",
      "requires": {
        "bpk-mixins": "^20.1.18",
        "bpk-react-utils": "^3.0.11",
        "bpk-svgs": "^12.3.1",
        "bpk-tokens": "^36.1.1",
        "prop-types": "^15.6.2"
      }
    },
    "bpk-component-label": {
      "version": "4.0.102",
      "resolved": "https://registry.npmjs.org/bpk-component-label/-/bpk-component-label-4.0.102.tgz",
      "integrity": "sha512-Hre8d12+o5vAb8nu+/IWkg8ctwKYchA3mHPBEneF3aL2Gxe7zgAVcRiOV4/Iy/cA1aQ6Yup4WnvtW545+iZZIw==",
      "requires": {
        "bpk-mixins": "^20.1.18",
        "bpk-react-utils": "^3.0.11",
        "prop-types": "^15.6.2"
      }
    },
    "bpk-component-text": {
      "version": "3.1.36",
      "resolved": "https://registry.npmjs.org/bpk-component-text/-/bpk-component-text-3.1.36.tgz",
      "integrity": "sha512-rHpXGJMcepLFoDUtrEKXWiPLiWQZHHAXmLi6f5hO4cu8gLayvc4M4ahSSYYq2a7iO6XT1fvvR/OvIt93ECnQSQ==",
      "requires": {
        "bpk-mixins": "^20.1.18",
        "bpk-react-utils": "^3.0.11",
        "prop-types": "^15.6.2"
      }
    },
    "bpk-mixins": {
      "version": "20.1.18",
      "resolved": "https://registry.npmjs.org/bpk-mixins/-/bpk-mixins-20.1.18.tgz",
      "integrity": "sha512-p4A/Igj/1WjJSjgSuFzgxD7dw/oWRKMOLFn5j0l75QHEFdBFD9yLFP3ryeHN3cPe3Djhg4LCJIAPbyH8zxF5gQ==",
      "requires": {
        "bpk-svgs": "^12.3.1",
        "bpk-tokens": "^36.1.1"
      }
    },
    "bpk-react-utils": {
      "version": "3.0.11",
      "resolved": "https://registry.npmjs.org/bpk-react-utils/-/bpk-react-utils-3.0.11.tgz",
      "integrity": "sha512-Rs766SGBZeDIdVxBwK1EcABi6ZWEcEkF8mqTt+/KFr/bUSj/VeoIfcvdnQxLdWElqOKg/4vAhjgbjSYjqvor4g==",
      "requires": {
        "object-assign": "^4.1.1",
        "prop-types": "^15.6.2",
        "react-transition-group": "^2.5.3",
        "recompose": "^0.30.0"
      }
    },
    "bpk-scrim-utils": {
      "version": "4.0.101",
      "resolved": "https://registry.npmjs.org/bpk-scrim-utils/-/bpk-scrim-utils-4.0.101.tgz",
      "integrity": "sha512-a5Xb9oAFpSbgyH2iy4+209e9kYEL1IyV1DCpMAwh2Vwj2NSslfzFsghyxt2OPOvvOlEPU+OH4+k48qe5v3KOAQ==",
      "requires": {
        "a11y-focus-scope": "^1.1.3",
        "a11y-focus-store": "^1.0.0",
        "bpk-mixins": "^20.1.18",
        "bpk-react-utils": "^3.0.11"
      }
    },
    "bpk-svgs": {
      "version": "12.3.1",
      "resolved": "https://registry.npmjs.org/bpk-svgs/-/bpk-svgs-12.3.1.tgz",
      "integrity": "sha512-LIWSbPjLlr6gJ6c13K09uGwb040oB3hNlHCm+7rGXKb8pww2aVRxkSCfwC0V1E3rgpsCKsGvqrompcSHjVQeUw=="
    },
    "bpk-tokens": {
      "version": "36.1.1",
      "resolved": "https://registry.npmjs.org/bpk-tokens/-/bpk-tokens-36.1.1.tgz",
      "integrity": "sha512-80Sk96GS6VjVmahIxkc6rzp8VFfSdy/WipU3pKin+zCeDqKNTb+ZdNT3TkPnm8Urfx4ILdIM72bX+Mwiok7TqA==",
      "requires": {
        "color": "^3.0.0"
      }
    },
    "change-emitter": {
      "version": "0.1.6",
      "resolved": "https://registry.npmjs.org/change-emitter/-/change-emitter-0.1.6.tgz",
      "integrity": "sha1-6LL+PX8at9aaMhma/5HqaTFAlRU="
    },
    "color": {
      "version": "3.1.3",
      "resolved": "https://registry.npmjs.org/color/-/color-3.1.3.tgz",
      "integrity": "sha512-xgXAcTHa2HeFCGLE9Xs/R82hujGtu9Jd9x4NW3T34+OMs7VoPsjwzRczKHvTAHeJwWFwX5j15+MgAppE8ztObQ==",
      "requires": {
        "color-convert": "^1.9.1",
        "color-string": "^1.5.4"
      }
    },
    "color-convert": {
      "version": "1.9.3",
      "resolved": "https://registry.npmjs.org/color-convert/-/color-convert-1.9.3.tgz",
      "integrity": "sha512-QfAUtd+vFdAtFQcC8CCyYt1fYWxSqAiK2cSD6zDB8N3cpsEBAvRxp9zOGg6G/SHHJYAT88/az/IuDGALsNVbGg==",
      "requires": {
        "color-name": "1.1.3"
      }
    },
    "color-name": {
      "version": "1.1.3",
      "resolved": "https://registry.npmjs.org/color-name/-/color-name-1.1.3.tgz",
      "integrity": "sha1-p9BVi9icQveV3UIyj3QIMcpTvCU="
    },
    "color-string": {
      "version": "1.5.4",
      "resolved": "https://registry.npmjs.org/color-string/-/color-string-1.5.4.tgz",
      "integrity": "sha512-57yF5yt8Xa3czSEW1jfQDE79Idk0+AkN/4KWad6tbdxUmAs3MvjxlWSWD4deYytcRfoZ9nhKyFl1kj5tBvidbw==",
      "requires": {
        "color-name": "^1.0.0",
        "simple-swizzle": "^0.2.2"
      }
    },
    "core-js": {
      "version": "1.2.7",
      "resolved": "https://registry.npmjs.org/core-js/-/core-js-1.2.7.tgz",
      "integrity": "sha1-ZSKUwUZR2yj6k70tX/KYOk8IxjY="
    },
    "dom-helpers": {
      "version": "3.4.0",
      "resolved": "https://registry.npmjs.org/dom-helpers/-/dom-helpers-3.4.0.tgz",
      "integrity": "sha512-LnuPJ+dwqKDIyotW1VzmOZ5TONUN7CwkCR5hrgawTUbkBGYdeoNLZo6nNfGkCrjtE1nXXaj7iMMpDa8/d9WoIA==",
      "requires": {
        "@babel/runtime": "^7.1.2"
      }
    },
    "encoding": {
      "version": "0.1.13",
      "resolved": "https://registry.npmjs.org/encoding/-/encoding-0.1.13.tgz",
      "integrity": "sha512-ETBauow1T35Y/WZMkio9jiM0Z5xjHHmJ4XmjZOq1l/dXz3lr2sRn87nJy20RupqSh1F2m3HHPSp8ShIPQJrJ3A==",
      "requires": {
        "iconv-lite": "^0.6.2"
      }
    },
    "fbjs": {
      "version": "0.8.17",
      "resolved": "https://registry.npmjs.org/fbjs/-/fbjs-0.8.17.tgz",
      "integrity": "sha1-xNWY6taUkRJlPWWIsBpc3Nn5D90=",
      "requires": {
        "core-js": "^1.0.0",
        "isomorphic-fetch": "^2.1.1",
        "loose-envify": "^1.0.0",
        "object-assign": "^4.1.0",
        "promise": "^7.1.1",
        "setimmediate": "^1.0.5",
        "ua-parser-js": "^0.7.18"
      }
    },
    "focusin": {
      "version": "2.0.0",
      "resolved": "https://registry.npmjs.org/focusin/-/focusin-2.0.0.tgz",
      "integrity": "sha1-WMARgN+xlJ8D493u4GNzn8M7b/w="
    },
    "hoist-non-react-statics": {
      "version": "2.5.5",
      "resolved": "https://registry.npmjs.org/hoist-non-react-statics/-/hoist-non-react-statics-2.5.5.tgz",
      "integrity": "sha512-rqcy4pJo55FTTLWt+bU8ukscqHeE/e9KWvsOW2b/a3afxQZhwkQdT1rPPCJ0rYXdj4vNcasY8zHTH+jF/qStxw=="
    },
    "iconv-lite": {
      "version": "0.6.2",
      "resolved": "https://registry.npmjs.org/iconv-lite/-/iconv-lite-0.6.2.tgz",
      "integrity": "sha512-2y91h5OpQlolefMPmUlivelittSWy0rP+oYVpn6A7GwVHNE8AWzoYOBNmlwks3LobaJxgHCYZAnyNo2GgpNRNQ==",
      "requires": {
        "safer-buffer": ">= 2.1.2 < 3.0.0"
      }
    },
    "is-arrayish": {
      "version": "0.3.2",
      "resolved": "https://registry.npmjs.org/is-arrayish/-/is-arrayish-0.3.2.tgz",
      "integrity": "sha512-eVRqCvVlZbuw3GrM63ovNSNAeA1K16kaR/LRY/92w0zxQ5/1YzwblUX652i4Xs9RwAGjW9d9y6X88t8OaAJfWQ=="
    },
    "is-stream": {
      "version": "1.1.0",
      "resolved": "https://registry.npmjs.org/is-stream/-/is-stream-1.1.0.tgz",
      "integrity": "sha1-EtSj3U5o4Lec6428hBc66A2RykQ="
    },
    "isomorphic-fetch": {
      "version": "2.2.1",
      "resolved": "https://registry.npmjs.org/isomorphic-fetch/-/isomorphic-fetch-2.2.1.tgz",
      "integrity": "sha1-YRrhrPFPXoH3KVB0coGf6XM1WKk=",
      "requires": {
        "node-fetch": "^1.0.1",
        "whatwg-fetch": ">=0.10.0"
      }
    },
    "js-tokens": {
      "version": "4.0.0",
      "resolved": "https://registry.npmjs.org/js-tokens/-/js-tokens-4.0.0.tgz",
      "integrity": "sha512-RdJUflcE3cUzKiMqQgsCu06FPu9UdIJO0beYbPhHN4k6apgJtifcoCtT9bcxOpYBtpD2kCM6Sbzg4CausW/PKQ=="
    },
    "loose-envify": {
      "version": "1.4.0",
      "resolved": "https://registry.npmjs.org/loose-envify/-/loose-envify-1.4.0.tgz",
      "integrity": "sha512-lyuxPGr/Wfhrlem2CL/UcnUc1zcqKAImBDzukY7Y5F/yQiNdko6+fRLevlw1HgMySw7f611UIY408EtxRSoK3Q==",
      "requires": {
        "js-tokens": "^3.0.0 || ^4.0.0"
      }
    },
    "node-fetch": {
      "version": "1.7.3",
      "resolved": "https://registry.npmjs.org/node-fetch/-/node-fetch-1.7.3.tgz",
      "integrity": "sha512-NhZ4CsKx7cYm2vSrBAr2PvFOe6sWDf0UYLRqA6svUYg7+/TSfVAu49jYC4BvQ4Sms9SZgdqGBgroqfDhJdTyKQ==",
      "requires": {
        "encoding": "^0.1.11",
        "is-stream": "^1.0.1"
      }
    },
    "object-assign": {
      "version": "4.1.1",
      "resolved": "https://registry.npmjs.org/object-assign/-/object-assign-4.1.1.tgz",
      "integrity": "sha1-IQmtx5ZYh8/AXLvUQsrIv7s2CGM="
    },
    "promise": {
      "version": "7.3.1",
      "resolved": "https://registry.npmjs.org/promise/-/promise-7.3.1.tgz",
      "integrity": "sha512-nolQXZ/4L+bP/UGlkfaIujX9BKxGwmQ9OT4mOt5yvy8iK1h3wqTEJCijzGANTCCl9nWjY41juyAn2K3Q1hLLTg==",
      "requires": {
        "asap": "~2.0.3"
      }
    },
    "prop-types": {
      "version": "15.7.2",
      "resolved": "https://registry.npmjs.org/prop-types/-/prop-types-15.7.2.tgz",
      "integrity": "sha512-8QQikdH7//R2vurIJSutZ1smHYTcLpRWEOlHnzcWHmBYrOGUysKwSsrC89BCiFj3CbrfJ/nXFdJepOVrY1GCHQ==",
      "requires": {
        "loose-envify": "^1.4.0",
        "object-assign": "^4.1.1",
        "react-is": "^16.8.1"
      }
    },
    "react-is": {
      "version": "16.13.1",
      "resolved": "https://registry.npmjs.org/react-is/-/react-is-16.13.1.tgz",
      "integrity": "sha512-24e6ynE2H+OKt4kqsOvNd8kBpV65zoxbA4BVsEOB3ARVWQki/DHzaUoC5KuON/BiccDaCCTZBuOcfZs70kR8bQ=="
    },
    "react-lifecycles-compat": {
      "version": "3.0.4",
      "resolved": "https://registry.npmjs.org/react-lifecycles-compat/-/react-lifecycles-compat-3.0.4.tgz",
      "integrity": "sha512-fBASbA6LnOU9dOU2eW7aQ8xmYBSXUIWr+UmF9b1efZBazGNO+rcXT/icdKnYm2pTwcRylVUYwW7H1PHfLekVzA=="
    },
    "react-transition-group": {
      "version": "2.9.0",
      "resolved": "https://registry.npmjs.org/react-transition-group/-/react-transition-group-2.9.0.tgz",
      "integrity": "sha512-+HzNTCHpeQyl4MJ/bdE0u6XRMe9+XG/+aL4mCxVN4DnPBQ0/5bfHWPDuOZUzYdMj94daZaZdCCc1Dzt9R/xSSg==",
      "requires": {
        "dom-helpers": "^3.4.0",
        "loose-envify": "^1.4.0",
        "prop-types": "^15.6.2",
        "react-lifecycles-compat": "^3.0.4"
      }
    },
    "recompose": {
      "version": "0.30.0",
      "resolved": "https://registry.npmjs.org/recompose/-/recompose-0.30.0.tgz",
      "integrity": "sha512-ZTrzzUDa9AqUIhRk4KmVFihH0rapdCSMFXjhHbNrjAWxBuUD/guYlyysMnuHjlZC/KRiOKRtB4jf96yYSkKE8w==",
      "requires": {
        "@babel/runtime": "^7.0.0",
        "change-emitter": "^0.1.2",
        "fbjs": "^0.8.1",
        "hoist-non-react-statics": "^2.3.1",
        "react-lifecycles-compat": "^3.0.2",
        "symbol-observable": "^1.0.4"
      }
    },
    "regenerator-runtime": {
      "version": "0.13.7",
      "resolved": "https://registry.npmjs.org/regenerator-runtime/-/regenerator-runtime-0.13.7.tgz",
      "integrity": "sha512-a54FxoJDIr27pgf7IgeQGxmqUNYrcV338lf/6gH456HZ/PhX+5BcwHXG9ajESmwe6WRO0tAzRUrRmNONWgkrew=="
    },
    "safer-buffer": {
      "version": "2.1.2",
      "resolved": "https://registry.npmjs.org/safer-buffer/-/safer-buffer-2.1.2.tgz",
      "integrity": "sha512-YZo3K82SD7Riyi0E1EQPojLz7kpepnSQI9IyPbHHg1XXXevb5dJI7tpyN2ADxGcQbHG7vcyRHk0cbwqcQriUtg=="
    },
    "setimmediate": {
      "version": "1.0.5",
      "resolved": "https://registry.npmjs.org/setimmediate/-/setimmediate-1.0.5.tgz",
      "integrity": "sha1-KQy7Iy4waULX1+qbg3Mqt4VvgoU="
    },
    "simple-swizzle": {
      "version": "0.2.2",
      "resolved": "https://registry.npmjs.org/simple-swizzle/-/simple-swizzle-0.2.2.tgz",
      "integrity": "sha1-pNprY1/8zMoz9w0Xy5JZLeleVXo=",
      "requires": {
        "is-arrayish": "^0.3.1"
      }
    },
    "symbol-observable": {
      "version": "1.2.0",
      "resolved": "https://registry.npmjs.org/symbol-observable/-/symbol-observable-1.2.0.tgz",
      "integrity": "sha512-e900nM8RRtGhlV36KGEU9k65K3mPb1WV70OdjfxlG2EAuM1noi/E/BaW/uMhL7bPEssK8QV57vN3esixjUvcXQ=="
    },
    "tabbable": {
      "version": "1.1.3",
      "resolved": "https://registry.npmjs.org/tabbable/-/tabbable-1.1.3.tgz",
      "integrity": "sha512-nOWwx35/JuDI4ONuF0ZTo6lYvI0fY0tZCH1ErzY2EXfu4az50ZyiUX8X073FLiZtmWUVlkRnuXsehjJgCw9tYg=="
    },
    "ua-parser-js": {
      "version": "0.7.24",
      "resolved": "https://registry.npmjs.org/ua-parser-js/-/ua-parser-js-0.7.24.tgz",
      "integrity": "sha512-yo+miGzQx5gakzVK3QFfN0/L9uVhosXBBO7qmnk7c2iw1IhL212wfA3zbnI54B0obGwC/5NWub/iT9sReMx+Fw=="
    },
    "whatwg-fetch": {
      "version": "3.6.1",
      "resolved": "https://registry.npmjs.org/whatwg-fetch/-/whatwg-fetch-3.6.1.tgz",
      "integrity": "sha512-IEmN/ZfmMw6G1hgZpVd0LuZXOQDisrMOZrzYd5x3RAK4bMPlJohKUZWZ9t/QsTvH0dV9TbPDcc2OSuIDcihnHA=="
    }
  }
}
