{
	"name": "bpk-component-popover",
	"version": "2.1.29",
	"lockfileVersion": 1,
	"requires": true,
	"dependencies": {
		"@skyscanner/popper.js": {
			"version": "1.12.9-beta.1",
			"resolved": "https://registry.npmjs.org/@skyscanner/popper.js/-/popper.js-1.12.9-beta.1.tgz",
			"integrity": "sha512-yXFrSHa2qsXXem8ZpsWjvBEiMIzPOhlVD7uIdwWuzKGyKCxuMFBlociYp6D5tGBVSmF7Mbq5YtXkefQD8ZVeAg=="
		},
		"a11y-focus-scope": {
			"version": "1.1.3",
			"resolved": "https://registry.npmjs.org/a11y-focus-scope/-/a11y-focus-scope-1.1.3.tgz",
			"integrity": "sha1-95U4TU3UDM7BxKFg700TNx0BWug=",
			"requires": {
				"focusin": "^2.0.0",
				"tabbable": "^1.0.0"
			}
		},
		"a11y-focus-store": {
			"version": "1.0.0",
			"resolved": "https://registry.npmjs.org/a11y-focus-store/-/a11y-focus-store-1.0.0.tgz",
			"integrity": "sha1-rlJWHLhq5sKQTBpKvy5YIL9TBbA="
		},
		"focusin": {
			"version": "2.0.0",
			"resolved": "https://registry.npmjs.org/focusin/-/focusin-2.0.0.tgz",
			"integrity": "sha1-WMARgN+xlJ8D493u4GNzn8M7b/w="
		},
		"js-tokens": {
			"version": "4.0.0",
			"resolved": "https://registry.npmjs.org/js-tokens/-/js-tokens-4.0.0.tgz",
			"integrity": "sha512-RdJUflcE3cUzKiMqQgsCu06FPu9UdIJO0beYbPhHN4k6apgJtifcoCtT9bcxOpYBtpD2kCM6Sbzg4CausW/PKQ=="
		},
		"loose-envify": {
			"version": "1.4.0",
			"resolved": "https://registry.npmjs.org/loose-envify/-/loose-envify-1.4.0.tgz",
			"integrity": "sha512-lyuxPGr/Wfhrlem2CL/UcnUc1zcqKAImBDzukY7Y5F/yQiNdko6+fRLevlw1HgMySw7f611UIY408EtxRSoK3Q==",
			"requires": {
				"js-tokens": "^3.0.0 || ^4.0.0"
			}
		},
		"prop-types": {
			"version": "15.6.2",
			"resolved": "https://registry.npmjs.org/prop-types/-/prop-types-15.6.2.tgz",
			"integrity": "sha512-3pboPvLiWD7dkI3qf3KbUe6hKFKa52w+AE0VCqECtf+QHAKgOL37tTaNCnuX1nAAQ4ZhyP+kYVKf8rLmJ/feDQ==",
			"requires": {
				"loose-envify": "^1.3.1",
				"object-assign": "^4.1.1"
			},
			"dependencies": {
				"object-assign": {
					"version": "4.1.1",
					"resolved": "https://registry.npmjs.org/object-assign/-/object-assign-4.1.1.tgz",
					"integrity": "sha1-IQmtx5ZYh8/AXLvUQsrIv7s2CGM="
				}
			}
		},
		"tabbable": {
			"version": "1.1.0",
			"resolved": "https://registry.npmjs.org/tabbable/-/tabbable-1.1.0.tgz",
			"integrity": "sha512-35UF7YrX08Wj5+CFFwO5akQYE4UFICvOY/xQ7Dgduhxb5QW7IS/d0DeLO9DnRzwVyfyiz6vRPj3MYhPt/Zopiw=="
		}
	}
}
