{
	"name": "bpk-component-barchart",
	"version": "5.0.3",
	"lockfileVersion": 1,
	"requires": true,
	"dependencies": {
		"@skyscanner/bpk-foundations-common": {
			"version": "3.1.0",
			"resolved": "https://registry.npmjs.org/@skyscanner/bpk-foundations-common/-/bpk-foundations-common-3.1.0.tgz",
			"integrity": "sha512-mfEw07Eyzs5kvVx7yx4g8GM1vjhnegoaGZymHyH2yK8WQvcTBNyDNSFDmrcGJtNZetdrvjmzg5Xcb5nsZsFLXg==",
			"requires": {
				"color": "^3.0.0"
			}
		},
		"@skyscanner/bpk-foundations-web": {
			"version": "9.3.0",
			"resolved": "https://registry.npmjs.org/@skyscanner/bpk-foundations-web/-/bpk-foundations-web-9.3.0.tgz",
			"integrity": "sha512-cQoJK4ZQivmKSHmsmEZFhNFOIIjDaw7KtZAz/wwGMUCrzaBEkCN9ZJZ6a4xJoaAkW0o6Ux1sf9ZK7Gl3B2OqXQ==",
			"requires": {
				"@skyscanner/bpk-foundations-common": "^3.1.0",
				"color": "^3.0.0"
			}
		},
		"@skyscanner/bpk-svgs": {
			"version": "14.4.3",
			"resolved": "https://registry.npmjs.org/@skyscanner/bpk-svgs/-/bpk-svgs-14.4.3.tgz",
			"integrity": "sha512-N7agNjRLEyrhDBb7ddQSS9HPSn5Raaav0PB4i6zjNYHlGrGtAOyH+oXx9NjQ3DT87//eVG63ST2MZQp5ubgAbA=="
		},
		"bpk-mixins": {
			"version": "31.6.3",
			"resolved": "https://registry.npmjs.org/bpk-mixins/-/bpk-mixins-31.6.3.tgz",
			"integrity": "sha512-q162ng0V6ZRQVWVn2B1f3k0qnMDjRdI4C2AuA5WXh92bZ6In2foxG1SfVFRR5QFpn/oSIMHXiE5jSy6VsgnSig==",
			"requires": {
				"@skyscanner/bpk-foundations-web": "^9.3.0",
				"@skyscanner/bpk-svgs": "^14.4.3"
			}
		},
		"color": {
			"version": "3.2.1",
			"resolved": "https://registry.npmjs.org/color/-/color-3.2.1.tgz",
			"integrity": "sha512-aBl7dZI9ENN6fUGC7mWpMTPNHmWUSNan9tuWN6ahh5ZLNk9baLJOnSMlrQkHcrfFgz2/RigjUVAjdx36VcemKA==",
			"requires": {
				"color-convert": "^1.9.3",
				"color-string": "^1.6.0"
			}
		},
		"color-convert": {
			"version": "1.9.3",
			"resolved": "https://registry.npmjs.org/color-convert/-/color-convert-1.9.3.tgz",
			"integrity": "sha512-QfAUtd+vFdAtFQcC8CCyYt1fYWxSqAiK2cSD6zDB8N3cpsEBAvRxp9zOGg6G/SHHJYAT88/az/IuDGALsNVbGg==",
			"requires": {
				"color-name": "1.1.3"
			}
		},
		"color-name": {
			"version": "1.1.3",
			"resolved": "https://registry.npmjs.org/color-name/-/color-name-1.1.3.tgz",
			"integrity": "sha512-72fSenhMw2HZMTVHeCA9KCmpEIbzWiQsjN+BHcBbS9vr1mtt+vJjPdksIBNUmKAW8TFUDPJK5SUU3QhE9NEXDw=="
		},
		"color-string": {
			"version": "1.9.1",
			"resolved": "https://registry.npmjs.org/color-string/-/color-string-1.9.1.tgz",
			"integrity": "sha512-shrVawQFojnZv6xM40anx4CkoDP+fZsw/ZerEMsW/pyzsRbElpsL/DBVW7q3ExxwusdNXI3lXpuhEZkzs8p5Eg==",
			"requires": {
				"color-name": "^1.0.0",
				"simple-swizzle": "^0.2.2"
			}
		},
		"d3-array": {
			"version": "3.1.1",
			"resolved": "https://registry.npmjs.org/d3-array/-/d3-array-3.1.1.tgz",
			"integrity": "sha512-33qQ+ZoZlli19IFiQx4QEpf2CBEayMRzhlisJHSCsSUbDXv6ZishqS1x7uFVClKG4Wr7rZVHvaAttoLow6GqdQ==",
			"requires": {
				"internmap": "1 - 2"
			}
		},
		"d3-color": {
			"version": "3.0.1",
			"resolved": "https://registry.npmjs.org/d3-color/-/d3-color-3.0.1.tgz",
			"integrity": "sha512-6/SlHkDOBLyQSJ1j1Ghs82OIUXpKWlR0hCsw0XrLSQhuUPuCSmLQ1QPH98vpnQxMUQM2/gfAkUEWsupVpd9JGw=="
		},
		"d3-format": {
			"version": "3.0.1",
			"resolved": "https://registry.npmjs.org/d3-format/-/d3-format-3.0.1.tgz",
			"integrity": "sha512-hdL7+HBIohpgfolhBxr1KX47VMD6+vVD/oEFrxk5yhmzV2prk99EkFKYpXuhVkFpTgHdJ6/4bYcjdLPPXV4tIA=="
		},
		"d3-interpolate": {
			"version": "3.0.1",
			"resolved": "https://registry.npmjs.org/d3-interpolate/-/d3-interpolate-3.0.1.tgz",
			"integrity": "sha512-3bYs1rOD33uo8aqJfKP3JWPAibgw8Zm2+L9vBKEHJ2Rg+viTR7o5Mmv5mZcieN+FRYaAOWX5SJATX6k1PWz72g==",
			"requires": {
				"d3-color": "1 - 3"
			}
		},
		"d3-path": {
			"version": "2.0.0",
			"resolved": "https://registry.npmjs.org/d3-path/-/d3-path-2.0.0.tgz",
			"integrity": "sha512-ZwZQxKhBnv9yHaiWd6ZU4x5BtCQ7pXszEV9CU6kRgwIQVQGLMv1oiL4M+MK/n79sYzsj+gcgpPQSctJUsLN7fA=="
		},
		"d3-scale": {
			"version": "4.0.2",
			"resolved": "https://registry.npmjs.org/d3-scale/-/d3-scale-4.0.2.tgz",
			"integrity": "sha512-GZW464g1SH7ag3Y7hXjf8RoUuAFIqklOAq3MRl4OaWabTFJY9PN/E1YklhXLh+OQ3fM9yS2nOkCoS+WLZ6kvxQ==",
			"requires": {
				"d3-array": "2.10.0 - 3",
				"d3-format": "1 - 3",
				"d3-interpolate": "1.2.0 - 3",
				"d3-time": "2.1.1 - 3",
				"d3-time-format": "2 - 4"
			}
		},
		"d3-time": {
			"version": "3.0.0",
			"resolved": "https://registry.npmjs.org/d3-time/-/d3-time-3.0.0.tgz",
			"integrity": "sha512-zmV3lRnlaLI08y9IMRXSDshQb5Nj77smnfpnd2LrBa/2K281Jijactokeak14QacHs/kKq0AQ121nidNYlarbQ==",
			"requires": {
				"d3-array": "2 - 3"
			}
		},
		"d3-time-format": {
			"version": "4.0.0",
			"resolved": "https://registry.npmjs.org/d3-time-format/-/d3-time-format-4.0.0.tgz",
			"integrity": "sha512-nzaCwlj+ZVBIlFuVOT1RmU+6xb/7D5IcnhHzHQcBgS/aTa5K9fWZNN5LCXA27LgF5WxoSNJqKBbLcGMtM6Ca6A==",
			"requires": {
				"d3-time": "1 - 3"
			}
		},
		"internmap": {
			"version": "2.0.3",
			"resolved": "https://registry.npmjs.org/internmap/-/internmap-2.0.3.tgz",
			"integrity": "sha512-5Hh7Y1wQbvY5ooGgPbDaL5iYLAPzMTUrjMulskHLH6wnv/A+1q5rgEaiuqEjB+oxGXIVZs1FF+R/KPN3ZSQYYg=="
		},
		"is-arrayish": {
			"version": "0.3.2",
			"resolved": "https://registry.npmjs.org/is-arrayish/-/is-arrayish-0.3.2.tgz",
			"integrity": "sha512-eVRqCvVlZbuw3GrM63ovNSNAeA1K16kaR/LRY/92w0zxQ5/1YzwblUX652i4Xs9RwAGjW9d9y6X88t8OaAJfWQ=="
		},
		"js-tokens": {
			"version": "4.0.0",
			"resolved": "https://registry.npmjs.org/js-tokens/-/js-tokens-4.0.0.tgz",
			"integrity": "sha512-RdJUflcE3cUzKiMqQgsCu06FPu9UdIJO0beYbPhHN4k6apgJtifcoCtT9bcxOpYBtpD2kCM6Sbzg4CausW/PKQ=="
		},
		"lodash.debounce": {
			"version": "4.0.8",
			"resolved": "https://registry.npmjs.org/lodash.debounce/-/lodash.debounce-4.0.8.tgz",
			"integrity": "sha1-gteb/zCmfEAF/9XiUVMArZyk168="
		},
		"loose-envify": {
			"version": "1.4.0",
			"resolved": "https://registry.npmjs.org/loose-envify/-/loose-envify-1.4.0.tgz",
			"integrity": "sha512-lyuxPGr/Wfhrlem2CL/UcnUc1zcqKAImBDzukY7Y5F/yQiNdko6+fRLevlw1HgMySw7f611UIY408EtxRSoK3Q==",
			"requires": {
				"js-tokens": "^3.0.0 || ^4.0.0"
			}
		},
		"object-assign": {
			"version": "4.1.1",
			"resolved": "https://registry.npmjs.org/object-assign/-/object-assign-4.1.1.tgz",
			"integrity": "sha1-IQmtx5ZYh8/AXLvUQsrIv7s2CGM="
		},
		"prop-types": {
			"version": "15.7.2",
			"resolved": "https://registry.npmjs.org/prop-types/-/prop-types-15.7.2.tgz",
			"integrity": "sha512-8QQikdH7//R2vurIJSutZ1smHYTcLpRWEOlHnzcWHmBYrOGUysKwSsrC89BCiFj3CbrfJ/nXFdJepOVrY1GCHQ==",
			"requires": {
				"loose-envify": "^1.4.0",
				"object-assign": "^4.1.1",
				"react-is": "^16.8.1"
			}
		},
		"react-is": {
			"version": "16.13.1",
			"resolved": "https://registry.npmjs.org/react-is/-/react-is-16.13.1.tgz",
			"integrity": "sha512-24e6ynE2H+OKt4kqsOvNd8kBpV65zoxbA4BVsEOB3ARVWQki/DHzaUoC5KuON/BiccDaCCTZBuOcfZs70kR8bQ=="
		},
		"simple-swizzle": {
			"version": "0.2.2",
			"resolved": "https://registry.npmjs.org/simple-swizzle/-/simple-swizzle-0.2.2.tgz",
			"integrity": "sha512-JA//kQgZtbuY83m+xT+tXJkmJncGMTFT+C+g2h2R9uxkYIrE2yy9sgmcLhCnw57/WSD+Eh3J97FPEDFnbXnDUg==",
			"requires": {
				"is-arrayish": "^0.3.1"
			}
		}
	}
}
