{
	"name": "bpk-component-barchart",
	"version": "2.4.18",
	"lockfileVersion": 1,
	"requires": true,
	"dependencies": {
		"@babel/runtime": {
			"version": "7.5.5",
			"resolved": "https://registry.npmjs.org/@babel/runtime/-/runtime-7.5.5.tgz",
			"integrity": "sha512-28QvEGyQyNkB0/m2B4FU7IEZGK2NUrcMtT6BZEFALTguLk+AUT6ofsHtPk5QyjAdUkpMJ+/Em+quwz4HOt30AQ==",
			"requires": {
				"regenerator-runtime": "^0.13.2"
			}
		},
		"asap": {
			"version": "2.0.6",
			"resolved": "https://registry.npmjs.org/asap/-/asap-2.0.6.tgz",
			"integrity": "sha1-5QNHYR1+aQlDIIu9r+vLwvuGbUY="
		},
		"bpk-component-breakpoint": {
			"version": "1.1.87",
			"resolved": "https://registry.npmjs.org/bpk-component-breakpoint/-/bpk-component-breakpoint-1.1.87.tgz",
			"integrity": "sha512-Fvg1VddWrfkaFigIEDW1dV0Y4kHBAJS4FWgE3ByAfLTOasrVBm+oDxZVjbGsFFj0A/eJjDh+PkjUA5MoLLQCjA==",
			"dev": true,
			"requires": {
				"bpk-mixins": "^18.0.8",
				"prop-types": "^15.6.2",
				"react-responsive": "^5.0.0"
			}
		},
		"bpk-component-content-container": {
			"version": "1.3.93",
			"resolved": "https://registry.npmjs.org/bpk-component-content-container/-/bpk-component-content-container-1.3.93.tgz",
			"integrity": "sha512-Q6qlrPGCGNrAHXYZYJg1nkLIfgkDsw9XoUMM/OYiYOSzdg68BtsSqMdJuIpdqMzzENejDO+c3zaLJh492J3uww==",
			"dev": true,
			"requires": {
				"bpk-mixins": "^18.0.8",
				"bpk-react-utils": "^2.7.9",
				"prop-types": "^15.6.2"
			}
		},
		"bpk-component-link": {
			"version": "1.2.88",
			"resolved": "https://registry.npmjs.org/bpk-component-link/-/bpk-component-link-1.2.88.tgz",
			"integrity": "sha512-FXyeEapHqR8gtBVc0ScqCp5WL5x4tHY22IJVuV1mPNPznMZl2A6CPQfvAv2CMGvDYRF9A63/SLndXwwE+LqVNA==",
			"dev": true,
			"requires": {
				"bpk-mixins": "^18.0.8",
				"bpk-react-utils": "^2.7.9",
				"prop-types": "^15.6.2"
			}
		},
		"bpk-component-mobile-scroll-container": {
			"version": "1.1.96",
			"resolved": "https://registry.npmjs.org/bpk-component-mobile-scroll-container/-/bpk-component-mobile-scroll-container-1.1.96.tgz",
			"integrity": "sha512-sjHr1OxsSAVbiJVk3n7faHwl4MUeb3DDorIbx4rQ/WEnfMM2CQIUXHtmfTYRbXhv+h9neVoYjb4iUQXElqf01Q==",
			"requires": {
				"bpk-mixins": "^18.0.8",
				"bpk-react-utils": "^2.7.9",
				"lodash.debounce": "^4.0.8",
				"prop-types": "^15.6.2"
			}
		},
		"bpk-component-rtl-toggle": {
			"version": "1.1.107",
			"resolved": "https://registry.npmjs.org/bpk-component-rtl-toggle/-/bpk-component-rtl-toggle-1.1.107.tgz",
			"integrity": "sha512-DaikBhxtQ833QqE/IwE4Raa8RzqnYJ7BHRTbPTBp3WaEwLrrd6O8c56fkQ+oBZZeU+Gstw1qm52DS3/6LZfakQ==",
			"dev": true,
			"requires": {
				"bpk-component-link": "^1.2.88",
				"bpk-react-utils": "^2.7.9",
				"prop-types": "^15.6.2"
			}
		},
		"bpk-component-text": {
			"version": "1.1.19",
			"resolved": "https://registry.npmjs.org/bpk-component-text/-/bpk-component-text-1.1.19.tgz",
			"integrity": "sha512-WOCkK8rz0/gft5PmeqPWDqKZdoVc7Q0+G66dCWc/3+XI3QnuIlH34CZb3rF8GPX+20Y1VebE1+/CWiRiHVBpuw==",
			"dev": true,
			"requires": {
				"bpk-mixins": "^18.0.8",
				"bpk-react-utils": "^2.7.9",
				"prop-types": "^15.6.2"
			}
		},
		"bpk-mixins": {
			"version": "18.0.8",
			"resolved": "https://registry.npmjs.org/bpk-mixins/-/bpk-mixins-18.0.8.tgz",
			"integrity": "sha512-VgRQDVtATvJ44lX9he/zZoMV6u8SUPdtmmXsK+VfFOusjOJkkcnVrT//vG4ku4o0H8w2Z241u4ccwAsn55AbLQ==",
			"requires": {
				"bpk-svgs": "^7.1.6",
				"bpk-tokens": "^27.9.4"
			}
		},
		"bpk-react-utils": {
			"version": "2.7.9",
			"resolved": "https://registry.npmjs.org/bpk-react-utils/-/bpk-react-utils-2.7.9.tgz",
			"integrity": "sha512-mUcXwAmlbi3NfiIpJEQvxj8mJNu0HhGxfeSgCsrh0AICgyZqZwUf59b2+HODmEKgwR9BGrnELxC0n6ZZfXE2NA==",
			"requires": {
				"object-assign": "^4.1.1",
				"prop-types": "^15.6.2",
				"react-transition-group": "^2.5.3",
				"recompose": "^0.30.0"
			}
		},
		"bpk-svgs": {
			"version": "7.1.6",
			"resolved": "https://registry.npmjs.org/bpk-svgs/-/bpk-svgs-7.1.6.tgz",
			"integrity": "sha512-Hcu7Ws158mt4voo6mbndehbOKtVOtvEqh0ytn4CLoHwqFyDymo4b5B8y+97y3ahJ5fu4G6LGOmI7WfvKzhlidg=="
		},
		"bpk-tokens": {
			"version": "27.9.4",
			"resolved": "https://registry.npmjs.org/bpk-tokens/-/bpk-tokens-27.9.4.tgz",
			"integrity": "sha512-Vo0PNMR9Xi6KIw6cSFF9pAQ5CeGggOwksJDdqDvRJKMXGxbZ49TDD/p3Orr2QZdDaNBfD03uUp7l+KCt8/zgAg==",
			"requires": {
				"color": "^3.0.0"
			}
		},
		"change-emitter": {
			"version": "0.1.6",
			"resolved": "https://registry.npmjs.org/change-emitter/-/change-emitter-0.1.6.tgz",
			"integrity": "sha1-6LL+PX8at9aaMhma/5HqaTFAlRU="
		},
		"color": {
			"version": "3.1.2",
			"resolved": "https://registry.npmjs.org/color/-/color-3.1.2.tgz",
			"integrity": "sha512-vXTJhHebByxZn3lDvDJYw4lR5+uB3vuoHsuYA5AKuxRVn5wzzIfQKGLBmgdVRHKTJYeK5rvJcHnrd0Li49CFpg==",
			"requires": {
				"color-convert": "^1.9.1",
				"color-string": "^1.5.2"
			}
		},
		"color-convert": {
			"version": "1.9.3",
			"resolved": "https://registry.npmjs.org/color-convert/-/color-convert-1.9.3.tgz",
			"integrity": "sha512-QfAUtd+vFdAtFQcC8CCyYt1fYWxSqAiK2cSD6zDB8N3cpsEBAvRxp9zOGg6G/SHHJYAT88/az/IuDGALsNVbGg==",
			"requires": {
				"color-name": "1.1.3"
			}
		},
		"color-name": {
			"version": "1.1.3",
			"resolved": "https://registry.npmjs.org/color-name/-/color-name-1.1.3.tgz",
			"integrity": "sha1-p9BVi9icQveV3UIyj3QIMcpTvCU="
		},
		"color-string": {
			"version": "1.5.3",
			"resolved": "https://registry.npmjs.org/color-string/-/color-string-1.5.3.tgz",
			"integrity": "sha512-dC2C5qeWoYkxki5UAXapdjqO672AM4vZuPGRQfO8b5HKuKGBbKWpITyDYN7TOFKvRW7kOgAn3746clDBMDJyQw==",
			"requires": {
				"color-name": "^1.0.0",
				"simple-swizzle": "^0.2.2"
			}
		},
		"core-js": {
			"version": "1.2.7",
			"resolved": "https://registry.npmjs.org/core-js/-/core-js-1.2.7.tgz",
			"integrity": "sha1-ZSKUwUZR2yj6k70tX/KYOk8IxjY="
		},
		"css-mediaquery": {
			"version": "0.1.2",
			"resolved": "https://registry.npmjs.org/css-mediaquery/-/css-mediaquery-0.1.2.tgz",
			"integrity": "sha1-aiw3NEkoYYYxxUvTPO3TAdoYvqA=",
			"dev": true
		},
		"d3-array": {
			"version": "2.3.1",
			"resolved": "https://registry.npmjs.org/d3-array/-/d3-array-2.3.1.tgz",
			"integrity": "sha512-YlOh8kwqIz0pDECEdCeqVNelaLQXznD0g6yidhhklMgKxKqbNDrYfoudLMkk9THlqvFll+pXMmXYAyN49yWsmg=="
		},
		"d3-color": {
			"version": "1.3.0",
			"resolved": "https://registry.npmjs.org/d3-color/-/d3-color-1.3.0.tgz",
			"integrity": "sha512-NHODMBlj59xPAwl2BDiO2Mog6V+PrGRtBfWKqKRrs9MCqlSkIEb0Z/SfY7jW29ReHTDC/j+vwXhnZcXI3+3fbg=="
		},
		"d3-format": {
			"version": "1.3.2",
			"resolved": "https://registry.npmjs.org/d3-format/-/d3-format-1.3.2.tgz",
			"integrity": "sha512-Z18Dprj96ExragQ0DeGi+SYPQ7pPfRMtUXtsg/ChVIKNBCzjO8XYJvRTC1usblx52lqge56V5ect+frYTQc8WQ=="
		},
		"d3-interpolate": {
			"version": "1.3.2",
			"resolved": "https://registry.npmjs.org/d3-interpolate/-/d3-interpolate-1.3.2.tgz",
			"integrity": "sha512-NlNKGopqaz9qM1PXh9gBF1KSCVh+jSFErrSlD/4hybwoNX/gt1d8CDbDW+3i+5UOHhjC6s6nMvRxcuoMVNgL2w==",
			"requires": {
				"d3-color": "1"
			}
		},
		"d3-path": {
			"version": "1.0.7",
			"resolved": "https://registry.npmjs.org/d3-path/-/d3-path-1.0.7.tgz",
			"integrity": "sha512-q0cW1RpvA5c5ma2rch62mX8AYaiLX0+bdaSM2wxSU9tXjU4DNvkx9qiUvjkuWCj3p22UO/hlPivujqMiR9PDzA=="
		},
		"d3-scale": {
			"version": "3.1.0",
			"resolved": "https://registry.npmjs.org/d3-scale/-/d3-scale-3.1.0.tgz",
			"integrity": "sha512-3edyEBwbwQG400VbgaepQC9ZYFX3h92flLHIUa1+nvZp/mqCYdxNM9zGTjKtPcSAuBCyPePdMQOapsD0qNALrg==",
			"requires": {
				"d3-array": "1.2.0 - 2",
				"d3-format": "1",
				"d3-interpolate": "1",
				"d3-time": "1",
				"d3-time-format": "2"
			}
		},
		"d3-time": {
			"version": "1.0.11",
			"resolved": "https://registry.npmjs.org/d3-time/-/d3-time-1.0.11.tgz",
			"integrity": "sha512-Z3wpvhPLW4vEScGeIMUckDW7+3hWKOQfAWg/U7PlWBnQmeKQ00gCUsTtWSYulrKNA7ta8hJ+xXc6MHrMuITwEw=="
		},
		"d3-time-format": {
			"version": "2.1.3",
			"resolved": "https://registry.npmjs.org/d3-time-format/-/d3-time-format-2.1.3.tgz",
			"integrity": "sha512-6k0a2rZryzGm5Ihx+aFMuO1GgelgIz+7HhB4PH4OEndD5q2zGn1mDfRdNrulspOfR6JXkb2sThhDK41CSK85QA==",
			"requires": {
				"d3-time": "1"
			}
		},
		"dom-helpers": {
			"version": "3.4.0",
			"resolved": "https://registry.npmjs.org/dom-helpers/-/dom-helpers-3.4.0.tgz",
			"integrity": "sha512-LnuPJ+dwqKDIyotW1VzmOZ5TONUN7CwkCR5hrgawTUbkBGYdeoNLZo6nNfGkCrjtE1nXXaj7iMMpDa8/d9WoIA==",
			"requires": {
				"@babel/runtime": "^7.1.2"
			}
		},
		"encoding": {
			"version": "0.1.12",
			"resolved": "https://registry.npmjs.org/encoding/-/encoding-0.1.12.tgz",
			"integrity": "sha1-U4tm8+5izRq1HsMjgp0flIDHS+s=",
			"requires": {
				"iconv-lite": "~0.4.13"
			}
		},
		"fbjs": {
			"version": "0.8.17",
			"resolved": "https://registry.npmjs.org/fbjs/-/fbjs-0.8.17.tgz",
			"integrity": "sha1-xNWY6taUkRJlPWWIsBpc3Nn5D90=",
			"requires": {
				"core-js": "^1.0.0",
				"isomorphic-fetch": "^2.1.1",
				"loose-envify": "^1.0.0",
				"object-assign": "^4.1.0",
				"promise": "^7.1.1",
				"setimmediate": "^1.0.5",
				"ua-parser-js": "^0.7.18"
			}
		},
		"hoist-non-react-statics": {
			"version": "2.5.5",
			"resolved": "https://registry.npmjs.org/hoist-non-react-statics/-/hoist-non-react-statics-2.5.5.tgz",
			"integrity": "sha512-rqcy4pJo55FTTLWt+bU8ukscqHeE/e9KWvsOW2b/a3afxQZhwkQdT1rPPCJ0rYXdj4vNcasY8zHTH+jF/qStxw=="
		},
		"hyphenate-style-name": {
			"version": "1.0.3",
			"resolved": "https://registry.npmjs.org/hyphenate-style-name/-/hyphenate-style-name-1.0.3.tgz",
			"integrity": "sha512-EcuixamT82oplpoJ2XU4pDtKGWQ7b00CD9f1ug9IaQ3p1bkHMiKCZ9ut9QDI6qsa6cpUuB+A/I+zLtdNK4n2DQ==",
			"dev": true
		},
		"iconv-lite": {
			"version": "0.4.24",
			"resolved": "https://registry.npmjs.org/iconv-lite/-/iconv-lite-0.4.24.tgz",
			"integrity": "sha512-v3MXnZAcvnywkTUEZomIActle7RXXeedOR31wwl7VlyoXO4Qi9arvSenNQWne1TcRwhCL1HwLI21bEqdpj8/rA==",
			"requires": {
				"safer-buffer": ">= 2.1.2 < 3"
			}
		},
		"is-arrayish": {
			"version": "0.3.2",
			"resolved": "https://registry.npmjs.org/is-arrayish/-/is-arrayish-0.3.2.tgz",
			"integrity": "sha512-eVRqCvVlZbuw3GrM63ovNSNAeA1K16kaR/LRY/92w0zxQ5/1YzwblUX652i4Xs9RwAGjW9d9y6X88t8OaAJfWQ=="
		},
		"is-stream": {
			"version": "1.1.0",
			"resolved": "https://registry.npmjs.org/is-stream/-/is-stream-1.1.0.tgz",
			"integrity": "sha1-EtSj3U5o4Lec6428hBc66A2RykQ="
		},
		"isomorphic-fetch": {
			"version": "2.2.1",
			"resolved": "https://registry.npmjs.org/isomorphic-fetch/-/isomorphic-fetch-2.2.1.tgz",
			"integrity": "sha1-YRrhrPFPXoH3KVB0coGf6XM1WKk=",
			"requires": {
				"node-fetch": "^1.0.1",
				"whatwg-fetch": ">=0.10.0"
			}
		},
		"js-tokens": {
			"version": "4.0.0",
			"resolved": "https://registry.npmjs.org/js-tokens/-/js-tokens-4.0.0.tgz",
			"integrity": "sha512-RdJUflcE3cUzKiMqQgsCu06FPu9UdIJO0beYbPhHN4k6apgJtifcoCtT9bcxOpYBtpD2kCM6Sbzg4CausW/PKQ=="
		},
		"lodash.debounce": {
			"version": "4.0.8",
			"resolved": "https://registry.npmjs.org/lodash.debounce/-/lodash.debounce-4.0.8.tgz",
			"integrity": "sha1-gteb/zCmfEAF/9XiUVMArZyk168="
		},
		"loose-envify": {
			"version": "1.4.0",
			"resolved": "https://registry.npmjs.org/loose-envify/-/loose-envify-1.4.0.tgz",
			"integrity": "sha512-lyuxPGr/Wfhrlem2CL/UcnUc1zcqKAImBDzukY7Y5F/yQiNdko6+fRLevlw1HgMySw7f611UIY408EtxRSoK3Q==",
			"requires": {
				"js-tokens": "^3.0.0 || ^4.0.0"
			}
		},
		"matchmediaquery": {
			"version": "0.3.0",
			"resolved": "https://registry.npmjs.org/matchmediaquery/-/matchmediaquery-0.3.0.tgz",
			"integrity": "sha512-u0dlv+VENJ+3YepvwSPBieuvnA6DWfaYa/ctwysAR13y4XLJNyt7bEVKzNj/Nvjo+50d88Pj+xL9xaSo6JmX/w==",
			"dev": true,
			"requires": {
				"css-mediaquery": "^0.1.2"
			}
		},
		"node-fetch": {
			"version": "1.7.3",
			"resolved": "https://registry.npmjs.org/node-fetch/-/node-fetch-1.7.3.tgz",
			"integrity": "sha512-NhZ4CsKx7cYm2vSrBAr2PvFOe6sWDf0UYLRqA6svUYg7+/TSfVAu49jYC4BvQ4Sms9SZgdqGBgroqfDhJdTyKQ==",
			"requires": {
				"encoding": "^0.1.11",
				"is-stream": "^1.0.1"
			}
		},
		"object-assign": {
			"version": "4.1.1",
			"resolved": "https://registry.npmjs.org/object-assign/-/object-assign-4.1.1.tgz",
			"integrity": "sha1-IQmtx5ZYh8/AXLvUQsrIv7s2CGM="
		},
		"promise": {
			"version": "7.3.1",
			"resolved": "https://registry.npmjs.org/promise/-/promise-7.3.1.tgz",
			"integrity": "sha512-nolQXZ/4L+bP/UGlkfaIujX9BKxGwmQ9OT4mOt5yvy8iK1h3wqTEJCijzGANTCCl9nWjY41juyAn2K3Q1hLLTg==",
			"requires": {
				"asap": "~2.0.3"
			}
		},
		"prop-types": {
			"version": "15.6.2",
			"resolved": "https://registry.npmjs.org/prop-types/-/prop-types-15.6.2.tgz",
			"integrity": "sha512-3pboPvLiWD7dkI3qf3KbUe6hKFKa52w+AE0VCqECtf+QHAKgOL37tTaNCnuX1nAAQ4ZhyP+kYVKf8rLmJ/feDQ==",
			"requires": {
				"loose-envify": "^1.3.1",
				"object-assign": "^4.1.1"
			}
		},
		"react-lifecycles-compat": {
			"version": "3.0.4",
			"resolved": "https://registry.npmjs.org/react-lifecycles-compat/-/react-lifecycles-compat-3.0.4.tgz",
			"integrity": "sha512-fBASbA6LnOU9dOU2eW7aQ8xmYBSXUIWr+UmF9b1efZBazGNO+rcXT/icdKnYm2pTwcRylVUYwW7H1PHfLekVzA=="
		},
		"react-responsive": {
			"version": "5.0.0",
			"resolved": "https://registry.npmjs.org/react-responsive/-/react-responsive-5.0.0.tgz",
			"integrity": "sha512-oEimZ0FTCC3/pjGDEBHOz06nWbBNDIbMGOdRYp6K9SBUmrqgNAX77hTiqvmRQeLyI97zz4F4kiaFRxFspDxE+w==",
			"dev": true,
			"requires": {
				"hyphenate-style-name": "^1.0.0",
				"matchmediaquery": "^0.3.0",
				"prop-types": "^15.6.1"
			}
		},
		"react-transition-group": {
			"version": "2.9.0",
			"resolved": "https://registry.npmjs.org/react-transition-group/-/react-transition-group-2.9.0.tgz",
			"integrity": "sha512-+HzNTCHpeQyl4MJ/bdE0u6XRMe9+XG/+aL4mCxVN4DnPBQ0/5bfHWPDuOZUzYdMj94daZaZdCCc1Dzt9R/xSSg==",
			"requires": {
				"dom-helpers": "^3.4.0",
				"loose-envify": "^1.4.0",
				"prop-types": "^15.6.2",
				"react-lifecycles-compat": "^3.0.4"
			}
		},
		"recompose": {
			"version": "0.30.0",
			"resolved": "https://registry.npmjs.org/recompose/-/recompose-0.30.0.tgz",
			"integrity": "sha512-ZTrzzUDa9AqUIhRk4KmVFihH0rapdCSMFXjhHbNrjAWxBuUD/guYlyysMnuHjlZC/KRiOKRtB4jf96yYSkKE8w==",
			"requires": {
				"@babel/runtime": "^7.0.0",
				"change-emitter": "^0.1.2",
				"fbjs": "^0.8.1",
				"hoist-non-react-statics": "^2.3.1",
				"react-lifecycles-compat": "^3.0.2",
				"symbol-observable": "^1.0.4"
			}
		},
		"regenerator-runtime": {
			"version": "0.13.3",
			"resolved": "https://registry.npmjs.org/regenerator-runtime/-/regenerator-runtime-0.13.3.tgz",
			"integrity": "sha512-naKIZz2GQ8JWh///G7L3X6LaQUAMp2lvb1rvwwsURe/VXwD6VMfr+/1NuNw3ag8v2kY1aQ/go5SNn79O9JU7yw=="
		},
		"safer-buffer": {
			"version": "2.1.2",
			"resolved": "https://registry.npmjs.org/safer-buffer/-/safer-buffer-2.1.2.tgz",
			"integrity": "sha512-YZo3K82SD7Riyi0E1EQPojLz7kpepnSQI9IyPbHHg1XXXevb5dJI7tpyN2ADxGcQbHG7vcyRHk0cbwqcQriUtg=="
		},
		"setimmediate": {
			"version": "1.0.5",
			"resolved": "https://registry.npmjs.org/setimmediate/-/setimmediate-1.0.5.tgz",
			"integrity": "sha1-KQy7Iy4waULX1+qbg3Mqt4VvgoU="
		},
		"simple-swizzle": {
			"version": "0.2.2",
			"resolved": "https://registry.npmjs.org/simple-swizzle/-/simple-swizzle-0.2.2.tgz",
			"integrity": "sha1-pNprY1/8zMoz9w0Xy5JZLeleVXo=",
			"requires": {
				"is-arrayish": "^0.3.1"
			}
		},
		"symbol-observable": {
			"version": "1.2.0",
			"resolved": "https://registry.npmjs.org/symbol-observable/-/symbol-observable-1.2.0.tgz",
			"integrity": "sha512-e900nM8RRtGhlV36KGEU9k65K3mPb1WV70OdjfxlG2EAuM1noi/E/BaW/uMhL7bPEssK8QV57vN3esixjUvcXQ=="
		},
		"ua-parser-js": {
			"version": "0.7.20",
			"resolved": "https://registry.npmjs.org/ua-parser-js/-/ua-parser-js-0.7.20.tgz",
			"integrity": "sha512-8OaIKfzL5cpx8eCMAhhvTlft8GYF8b2eQr6JkCyVdrgjcytyOmPCXrqXFcUnhonRpLlh5yxEZVohm6mzaowUOw=="
		},
		"whatwg-fetch": {
			"version": "3.0.0",
			"resolved": "https://registry.npmjs.org/whatwg-fetch/-/whatwg-fetch-3.0.0.tgz",
			"integrity": "sha512-9GSJUgz1D4MfyKU7KRqwOjXCXTqWdFNvEr7eUBYchQiVc744mqK/MzXPNR2WsPkmkOa4ywfg8C2n8h+13Bey1Q=="
		}
	}
}
