{
	"name": "bpk-component-button",
	"version": "5.0.12",
	"lockfileVersion": 1,
	"requires": true,
	"dependencies": {
		"typescript": {
			"version": "4.4.3",
			"resolved": "https://artifactory.skyscannertools.net/artifactory/api/npm/npm/typescript/-/typescript-4.4.3.tgz",
			"integrity": "sha1-vcVAfKorEJ79T4L+EwZW+XeikyQ=",
			"dev": true
		}
	}
}
