{
	"name": "bpk-component-scrollable-calendar",
	"version": "4.0.19",
	"lockfileVersion": 1,
	"requires": true,
	"dependencies": {
		"@babel/runtime": {
			"version": "7.15.4",
			"resolved": "https://artifactory.skyscannertools.net/artifactory/api/npm/npm/@babel/runtime/-/runtime-7.15.4.tgz",
			"integrity": "sha1-/RfRa/34eObdAtGXU6OfqKjZyEo=",
			"requires": {
				"regenerator-runtime": "^0.13.4"
			}
		},
		"@skyscanner/bpk-foundations-common": {
			"version": "1.0.0",
			"resolved": "https://artifactory.skyscannertools.net/artifactory/api/npm/npm/@skyscanner/bpk-foundations-common/-/bpk-foundations-common-1.0.0.tgz",
			"integrity": "sha1-eYDpslIl9VdePjB76Rfy/v3/X4A=",
			"requires": {
				"color": "^3.0.0"
			}
		},
		"@skyscanner/bpk-foundations-web": {
			"version": "2.1.1",
			"resolved": "https://artifactory.skyscannertools.net/artifactory/api/npm/npm/@skyscanner/bpk-foundations-web/-/bpk-foundations-web-2.1.1.tgz",
			"integrity": "sha1-yeRnw7C9l/zKU2VwVXp4HzPSpjs=",
			"requires": {
				"@skyscanner/bpk-foundations-common": "^1.0.0",
				"color": "^3.0.0"
			}
		},
		"@skyscanner/bpk-svgs": {
			"version": "14.0.6",
			"resolved": "https://artifactory.skyscannertools.net/artifactory/api/npm/npm/@skyscanner/bpk-svgs/-/bpk-svgs-14.0.6.tgz",
			"integrity": "sha1-AIbJ9N5Lp4nxKYs4t09lSSa7J4k="
		},
		"asap": {
			"version": "2.0.6",
			"resolved": "https://artifactory.skyscannertools.net/artifactory/api/npm/npm/asap/-/asap-2.0.6.tgz",
			"integrity": "sha1-5QNHYR1+aQlDIIu9r+vLwvuGbUY="
		},
		"bpk-component-aria-live": {
			"version": "2.0.22",
			"resolved": "https://artifactory.skyscannertools.net/artifactory/api/npm/npm/bpk-component-aria-live/-/bpk-component-aria-live-2.0.22.tgz",
			"integrity": "sha1-kqHNzwiUX2QnK60SVEVmu46yO18=",
			"requires": {
				"bpk-mixins": "^24.0.0",
				"bpk-react-utils": "^4.0.1",
				"prop-types": "^15.5.8"
			},
			"dependencies": {
				"@skyscanner/bpk-foundations-web": {
					"version": "3.0.0",
					"resolved": "https://artifactory.skyscannertools.net/artifactory/api/npm/npm/@skyscanner/bpk-foundations-web/-/bpk-foundations-web-3.0.0.tgz",
					"integrity": "sha1-IoPXFpMsA2/3dnir32LbOmlgMwk=",
					"requires": {
						"@skyscanner/bpk-foundations-common": "^1.0.0",
						"color": "^3.0.0"
					}
				},
				"bpk-mixins": {
					"version": "24.0.0",
					"resolved": "https://artifactory.skyscannertools.net/artifactory/api/npm/npm/bpk-mixins/-/bpk-mixins-24.0.0.tgz",
					"integrity": "sha1-6Xj9Ghm961lMIqPcHEoF/PWUqHY=",
					"requires": {
						"@skyscanner/bpk-foundations-web": "^3.0.0",
						"@skyscanner/bpk-svgs": "^14.0.6"
					}
				}
			}
		},
		"bpk-component-calendar": {
			"version": "9.0.20",
			"resolved": "https://artifactory.skyscannertools.net/artifactory/api/npm/npm/bpk-component-calendar/-/bpk-component-calendar-9.0.20.tgz",
			"integrity": "sha1-xX8MZtaOP+SFPvf2pqn2Qux+nZY=",
			"requires": {
				"@skyscanner/bpk-foundations-web": "^3.0.0",
				"bpk-component-aria-live": "^2.0.22",
				"bpk-component-icon": "^9.0.14",
				"bpk-component-select": "^5.0.7",
				"bpk-mixins": "^24.0.0",
				"bpk-react-utils": "^4.0.1",
				"date-fns": "^2.21.1",
				"prop-types": "^15.7.2"
			},
			"dependencies": {
				"@skyscanner/bpk-foundations-web": {
					"version": "3.0.0",
					"resolved": "https://artifactory.skyscannertools.net/artifactory/api/npm/npm/@skyscanner/bpk-foundations-web/-/bpk-foundations-web-3.0.0.tgz",
					"integrity": "sha1-IoPXFpMsA2/3dnir32LbOmlgMwk=",
					"requires": {
						"@skyscanner/bpk-foundations-common": "^1.0.0",
						"color": "^3.0.0"
					}
				},
				"bpk-mixins": {
					"version": "24.0.0",
					"resolved": "https://artifactory.skyscannertools.net/artifactory/api/npm/npm/bpk-mixins/-/bpk-mixins-24.0.0.tgz",
					"integrity": "sha1-6Xj9Ghm961lMIqPcHEoF/PWUqHY=",
					"requires": {
						"@skyscanner/bpk-foundations-web": "^3.0.0",
						"@skyscanner/bpk-svgs": "^14.0.6"
					}
				},
				"prop-types": {
					"version": "15.7.2",
					"resolved": "https://artifactory.skyscannertools.net/artifactory/api/npm/npm/prop-types/-/prop-types-15.7.2.tgz",
					"integrity": "sha1-UsQedbjIfnK52TYOAga5ncv/psU=",
					"requires": {
						"loose-envify": "^1.4.0",
						"object-assign": "^4.1.1",
						"react-is": "^16.8.1"
					}
				}
			}
		},
		"bpk-component-icon": {
			"version": "9.0.14",
			"resolved": "https://artifactory.skyscannertools.net/artifactory/api/npm/npm/bpk-component-icon/-/bpk-component-icon-9.0.14.tgz",
			"integrity": "sha1-CqR7wcVtiez2er2n3H5tNcxa+Pw=",
			"requires": {
				"@skyscanner/bpk-foundations-web": "^3.0.0",
				"@skyscanner/bpk-svgs": "^14.0.6",
				"bpk-mixins": "^24.0.0",
				"bpk-react-utils": "^4.0.1",
				"prop-types": "^15.7.2"
			},
			"dependencies": {
				"@skyscanner/bpk-foundations-web": {
					"version": "3.0.0",
					"resolved": "https://artifactory.skyscannertools.net/artifactory/api/npm/npm/@skyscanner/bpk-foundations-web/-/bpk-foundations-web-3.0.0.tgz",
					"integrity": "sha1-IoPXFpMsA2/3dnir32LbOmlgMwk=",
					"requires": {
						"@skyscanner/bpk-foundations-common": "^1.0.0",
						"color": "^3.0.0"
					}
				},
				"bpk-mixins": {
					"version": "24.0.0",
					"resolved": "https://artifactory.skyscannertools.net/artifactory/api/npm/npm/bpk-mixins/-/bpk-mixins-24.0.0.tgz",
					"integrity": "sha1-6Xj9Ghm961lMIqPcHEoF/PWUqHY=",
					"requires": {
						"@skyscanner/bpk-foundations-web": "^3.0.0",
						"@skyscanner/bpk-svgs": "^14.0.6"
					}
				},
				"prop-types": {
					"version": "15.7.2",
					"resolved": "https://artifactory.skyscannertools.net/artifactory/api/npm/npm/prop-types/-/prop-types-15.7.2.tgz",
					"integrity": "sha1-UsQedbjIfnK52TYOAga5ncv/psU=",
					"requires": {
						"loose-envify": "^1.4.0",
						"object-assign": "^4.1.1",
						"react-is": "^16.8.1"
					}
				}
			}
		},
		"bpk-component-select": {
			"version": "5.0.7",
			"resolved": "https://artifactory.skyscannertools.net/artifactory/api/npm/npm/bpk-component-select/-/bpk-component-select-5.0.7.tgz",
			"integrity": "sha1-mEvLi9pOz1Ng3X+o+Ko3lAJoqwY=",
			"requires": {
				"bpk-mixins": "^24.0.0",
				"bpk-react-utils": "^4.0.1",
				"prop-types": "^15.7.2"
			},
			"dependencies": {
				"@skyscanner/bpk-foundations-web": {
					"version": "3.0.0",
					"resolved": "https://artifactory.skyscannertools.net/artifactory/api/npm/npm/@skyscanner/bpk-foundations-web/-/bpk-foundations-web-3.0.0.tgz",
					"integrity": "sha1-IoPXFpMsA2/3dnir32LbOmlgMwk=",
					"requires": {
						"@skyscanner/bpk-foundations-common": "^1.0.0",
						"color": "^3.0.0"
					}
				},
				"bpk-mixins": {
					"version": "24.0.0",
					"resolved": "https://artifactory.skyscannertools.net/artifactory/api/npm/npm/bpk-mixins/-/bpk-mixins-24.0.0.tgz",
					"integrity": "sha1-6Xj9Ghm961lMIqPcHEoF/PWUqHY=",
					"requires": {
						"@skyscanner/bpk-foundations-web": "^3.0.0",
						"@skyscanner/bpk-svgs": "^14.0.6"
					}
				},
				"prop-types": {
					"version": "15.7.2",
					"resolved": "https://artifactory.skyscannertools.net/artifactory/api/npm/npm/prop-types/-/prop-types-15.7.2.tgz",
					"integrity": "sha1-UsQedbjIfnK52TYOAga5ncv/psU=",
					"requires": {
						"loose-envify": "^1.4.0",
						"object-assign": "^4.1.1",
						"react-is": "^16.8.1"
					}
				}
			}
		},
		"bpk-component-text": {
			"version": "4.0.14",
			"resolved": "https://artifactory.skyscannertools.net/artifactory/api/npm/npm/bpk-component-text/-/bpk-component-text-4.0.14.tgz",
			"integrity": "sha1-R7uxM74oOIH2OCSZt36TNypllFc=",
			"requires": {
				"bpk-mixins": "^24.0.0",
				"bpk-react-utils": "^4.0.1",
				"prop-types": "^15.7.2"
			},
			"dependencies": {
				"@skyscanner/bpk-foundations-web": {
					"version": "3.0.0",
					"resolved": "https://artifactory.skyscannertools.net/artifactory/api/npm/npm/@skyscanner/bpk-foundations-web/-/bpk-foundations-web-3.0.0.tgz",
					"integrity": "sha1-IoPXFpMsA2/3dnir32LbOmlgMwk=",
					"requires": {
						"@skyscanner/bpk-foundations-common": "^1.0.0",
						"color": "^3.0.0"
					}
				},
				"bpk-mixins": {
					"version": "24.0.0",
					"resolved": "https://artifactory.skyscannertools.net/artifactory/api/npm/npm/bpk-mixins/-/bpk-mixins-24.0.0.tgz",
					"integrity": "sha1-6Xj9Ghm961lMIqPcHEoF/PWUqHY=",
					"requires": {
						"@skyscanner/bpk-foundations-web": "^3.0.0",
						"@skyscanner/bpk-svgs": "^14.0.6"
					}
				},
				"prop-types": {
					"version": "15.7.2",
					"resolved": "https://artifactory.skyscannertools.net/artifactory/api/npm/npm/prop-types/-/prop-types-15.7.2.tgz",
					"integrity": "sha1-UsQedbjIfnK52TYOAga5ncv/psU=",
					"requires": {
						"loose-envify": "^1.4.0",
						"object-assign": "^4.1.1",
						"react-is": "^16.8.1"
					}
				}
			}
		},
		"bpk-mixins": {
			"version": "23.0.1",
			"resolved": "https://artifactory.skyscannertools.net/artifactory/api/npm/npm/bpk-mixins/-/bpk-mixins-23.0.1.tgz",
			"integrity": "sha1-ma2Fz4RoQnbevV7uXJOQ4Wxw7W4=",
			"requires": {
				"@skyscanner/bpk-foundations-web": "^2.1.0",
				"@skyscanner/bpk-svgs": "^14.0.4"
			}
		},
		"bpk-react-utils": {
			"version": "4.0.1",
			"resolved": "https://artifactory.skyscannertools.net/artifactory/api/npm/npm/bpk-react-utils/-/bpk-react-utils-4.0.1.tgz",
			"integrity": "sha1-QKsSieigN+TN8ikFXwe0kxg+xIY=",
			"requires": {
				"object-assign": "^4.1.1",
				"prop-types": "^15.7.2",
				"react-transition-group": "^2.5.3",
				"recompose": "^0.30.0"
			},
			"dependencies": {
				"prop-types": {
					"version": "15.7.2",
					"resolved": "https://artifactory.skyscannertools.net/artifactory/api/npm/npm/prop-types/-/prop-types-15.7.2.tgz",
					"integrity": "sha1-UsQedbjIfnK52TYOAga5ncv/psU=",
					"requires": {
						"loose-envify": "^1.4.0",
						"object-assign": "^4.1.1",
						"react-is": "^16.8.1"
					}
				}
			}
		},
		"bpk-storybook-utils": {
			"version": "1.0.12",
			"resolved": "https://artifactory.skyscannertools.net/artifactory/api/npm/npm/bpk-storybook-utils/-/bpk-storybook-utils-1.0.12.tgz",
			"integrity": "sha1-b60SlQsVRptuogm4QhLyqYPJfAM=",
			"dev": true,
			"requires": {
				"bpk-mixins": "^24.0.0",
				"bpk-react-utils": "^4.0.1"
			},
			"dependencies": {
				"@skyscanner/bpk-foundations-web": {
					"version": "3.0.0",
					"resolved": "https://artifactory.skyscannertools.net/artifactory/api/npm/npm/@skyscanner/bpk-foundations-web/-/bpk-foundations-web-3.0.0.tgz",
					"integrity": "sha1-IoPXFpMsA2/3dnir32LbOmlgMwk=",
					"dev": true,
					"requires": {
						"@skyscanner/bpk-foundations-common": "^1.0.0",
						"color": "^3.0.0"
					}
				},
				"bpk-mixins": {
					"version": "24.0.0",
					"resolved": "https://artifactory.skyscannertools.net/artifactory/api/npm/npm/bpk-mixins/-/bpk-mixins-24.0.0.tgz",
					"integrity": "sha1-6Xj9Ghm961lMIqPcHEoF/PWUqHY=",
					"dev": true,
					"requires": {
						"@skyscanner/bpk-foundations-web": "^3.0.0",
						"@skyscanner/bpk-svgs": "^14.0.6"
					}
				}
			}
		},
		"change-emitter": {
			"version": "0.1.6",
			"resolved": "https://artifactory.skyscannertools.net/artifactory/api/npm/npm/change-emitter/-/change-emitter-0.1.6.tgz",
			"integrity": "sha1-6LL+PX8at9aaMhma/5HqaTFAlRU="
		},
		"clsx": {
			"version": "1.1.1",
			"resolved": "https://artifactory.skyscannertools.net/artifactory/api/npm/npm/clsx/-/clsx-1.1.1.tgz",
			"integrity": "sha1-mLMTT5q73yOyZjSRrOE8XAOnMYg="
		},
		"color": {
			"version": "3.2.1",
			"resolved": "https://artifactory.skyscannertools.net/artifactory/api/npm/npm/color/-/color-3.2.1.tgz",
			"integrity": "sha1-NUTcGYyvRJDD7MmnkLVP6f9F4WQ=",
			"requires": {
				"color-convert": "^1.9.3",
				"color-string": "^1.6.0"
			}
		},
		"color-convert": {
			"version": "1.9.3",
			"resolved": "https://artifactory.skyscannertools.net/artifactory/api/npm/npm/color-convert/-/color-convert-1.9.3.tgz",
			"integrity": "sha1-u3GFBpDh8TZWfeYp0tVHHe2kweg=",
			"requires": {
				"color-name": "1.1.3"
			}
		},
		"color-name": {
			"version": "1.1.3",
			"resolved": "https://artifactory.skyscannertools.net/artifactory/api/npm/npm/color-name/-/color-name-1.1.3.tgz",
			"integrity": "sha1-p9BVi9icQveV3UIyj3QIMcpTvCU="
		},
		"color-string": {
			"version": "1.6.0",
			"resolved": "https://artifactory.skyscannertools.net/artifactory/api/npm/npm/color-string/-/color-string-1.6.0.tgz",
			"integrity": "sha1-w5FfYf4mdnLLfh4GTJ1pIhn2wxI=",
			"requires": {
				"color-name": "^1.0.0",
				"simple-swizzle": "^0.2.2"
			}
		},
		"core-js": {
			"version": "1.2.7",
			"resolved": "https://artifactory.skyscannertools.net/artifactory/api/npm/npm/core-js/-/core-js-1.2.7.tgz",
			"integrity": "sha1-ZSKUwUZR2yj6k70tX/KYOk8IxjY="
		},
		"csstype": {
			"version": "3.0.9",
			"resolved": "https://artifactory.skyscannertools.net/artifactory/api/npm/npm/csstype/-/csstype-3.0.9.tgz",
			"integrity": "sha1-ZBCvMbJr0FIJM9AsvGT86c4/vws="
		},
		"date-fns": {
			"version": "2.24.0",
			"resolved": "https://artifactory.skyscannertools.net/artifactory/api/npm/npm/date-fns/-/date-fns-2.24.0.tgz",
			"integrity": "sha1-fYbcDZPIe3a2PSE7RBMzfP0cEF0="
		},
		"dom-helpers": {
			"version": "3.4.0",
			"resolved": "https://artifactory.skyscannertools.net/artifactory/api/npm/npm/dom-helpers/-/dom-helpers-3.4.0.tgz",
			"integrity": "sha1-6bNpcA+Vn2Ls3lprq95LzNkWmvg=",
			"requires": {
				"@babel/runtime": "^7.1.2"
			}
		},
		"encoding": {
			"version": "0.1.13",
			"resolved": "https://artifactory.skyscannertools.net/artifactory/api/npm/npm/encoding/-/encoding-0.1.13.tgz",
			"integrity": "sha1-VldK/deR9UqOmyeFwFgqLSYhD6k=",
			"requires": {
				"iconv-lite": "^0.6.2"
			}
		},
		"fbjs": {
			"version": "0.8.17",
			"resolved": "https://artifactory.skyscannertools.net/artifactory/api/npm/npm/fbjs/-/fbjs-0.8.17.tgz",
			"integrity": "sha1-xNWY6taUkRJlPWWIsBpc3Nn5D90=",
			"requires": {
				"core-js": "^1.0.0",
				"isomorphic-fetch": "^2.1.1",
				"loose-envify": "^1.0.0",
				"object-assign": "^4.1.0",
				"promise": "^7.1.1",
				"setimmediate": "^1.0.5",
				"ua-parser-js": "^0.7.18"
			}
		},
		"hoist-non-react-statics": {
			"version": "2.5.5",
			"resolved": "https://artifactory.skyscannertools.net/artifactory/api/npm/npm/hoist-non-react-statics/-/hoist-non-react-statics-2.5.5.tgz",
			"integrity": "sha1-xZA89AnA39kI84jmGdhrnBF0y0c="
		},
		"iconv-lite": {
			"version": "0.6.3",
			"resolved": "https://artifactory.skyscannertools.net/artifactory/api/npm/npm/iconv-lite/-/iconv-lite-0.6.3.tgz",
			"integrity": "sha1-pS+AvzjaGVLrXGgXkHGYcaGnJQE=",
			"requires": {
				"safer-buffer": ">= 2.1.2 < 3.0.0"
			}
		},
		"is-arrayish": {
			"version": "0.3.2",
			"resolved": "https://artifactory.skyscannertools.net/artifactory/api/npm/npm/is-arrayish/-/is-arrayish-0.3.2.tgz",
			"integrity": "sha1-RXSirlb3qyBolvtDHq7tBm/fjwM="
		},
		"is-stream": {
			"version": "1.1.0",
			"resolved": "https://artifactory.skyscannertools.net/artifactory/api/npm/npm/is-stream/-/is-stream-1.1.0.tgz",
			"integrity": "sha1-EtSj3U5o4Lec6428hBc66A2RykQ="
		},
		"isomorphic-fetch": {
			"version": "2.2.1",
			"resolved": "https://artifactory.skyscannertools.net/artifactory/api/npm/npm/isomorphic-fetch/-/isomorphic-fetch-2.2.1.tgz",
			"integrity": "sha1-YRrhrPFPXoH3KVB0coGf6XM1WKk=",
			"requires": {
				"node-fetch": "^1.0.1",
				"whatwg-fetch": ">=0.10.0"
			}
		},
		"js-tokens": {
			"version": "4.0.0",
			"resolved": "https://registry.npmjs.org/js-tokens/-/js-tokens-4.0.0.tgz",
			"integrity": "sha512-RdJUflcE3cUzKiMqQgsCu06FPu9UdIJO0beYbPhHN4k6apgJtifcoCtT9bcxOpYBtpD2kCM6Sbzg4CausW/PKQ=="
		},
		"loose-envify": {
			"version": "1.4.0",
			"resolved": "https://registry.npmjs.org/loose-envify/-/loose-envify-1.4.0.tgz",
			"integrity": "sha512-lyuxPGr/Wfhrlem2CL/UcnUc1zcqKAImBDzukY7Y5F/yQiNdko6+fRLevlw1HgMySw7f611UIY408EtxRSoK3Q==",
			"requires": {
				"js-tokens": "^3.0.0 || ^4.0.0"
			}
		},
		"node-fetch": {
			"version": "1.7.3",
			"resolved": "https://artifactory.skyscannertools.net/artifactory/api/npm/npm/node-fetch/-/node-fetch-1.7.3.tgz",
			"integrity": "sha1-mA9vcthSEaU0fGsrwYxbhMPrR+8=",
			"requires": {
				"encoding": "^0.1.11",
				"is-stream": "^1.0.1"
			}
		},
		"object-assign": {
			"version": "4.1.1",
			"resolved": "https://registry.npmjs.org/object-assign/-/object-assign-4.1.1.tgz",
			"integrity": "sha1-IQmtx5ZYh8/AXLvUQsrIv7s2CGM="
		},
		"promise": {
			"version": "7.3.1",
			"resolved": "https://artifactory.skyscannertools.net/artifactory/api/npm/npm/promise/-/promise-7.3.1.tgz",
			"integrity": "sha1-BktyYCsY+Q8pGSuLG8QY/9Hr078=",
			"requires": {
				"asap": "~2.0.3"
			}
		},
		"prop-types": {
			"version": "15.6.2",
			"resolved": "https://registry.npmjs.org/prop-types/-/prop-types-15.6.2.tgz",
			"integrity": "sha512-3pboPvLiWD7dkI3qf3KbUe6hKFKa52w+AE0VCqECtf+QHAKgOL37tTaNCnuX1nAAQ4ZhyP+kYVKf8rLmJ/feDQ==",
			"requires": {
				"loose-envify": "^1.3.1",
				"object-assign": "^4.1.1"
			}
		},
		"react-is": {
			"version": "16.13.1",
			"resolved": "https://artifactory.skyscannertools.net/artifactory/api/npm/npm/react-is/-/react-is-16.13.1.tgz",
			"integrity": "sha1-eJcppNw23imZ3BVt1sHZwYzqVqQ="
		},
		"react-lifecycles-compat": {
			"version": "3.0.4",
			"resolved": "https://artifactory.skyscannertools.net/artifactory/api/npm/npm/react-lifecycles-compat/-/react-lifecycles-compat-3.0.4.tgz",
			"integrity": "sha1-TxonOv38jzSIqMUWv9p4+HI1I2I="
		},
		"react-transition-group": {
			"version": "2.9.0",
			"resolved": "https://artifactory.skyscannertools.net/artifactory/api/npm/npm/react-transition-group/-/react-transition-group-2.9.0.tgz",
			"integrity": "sha1-35zbAleWIRFRpDbGmo87l7WwfI0=",
			"requires": {
				"dom-helpers": "^3.4.0",
				"loose-envify": "^1.4.0",
				"prop-types": "^15.6.2",
				"react-lifecycles-compat": "^3.0.4"
			}
		},
		"react-virtualized": {
			"version": "9.22.3",
			"resolved": "https://artifactory.skyscannertools.net/artifactory/api/npm/npm/react-virtualized/-/react-virtualized-9.22.3.tgz",
			"integrity": "sha1-9DDxa+sKQttCDb1NNAQDwN4zRCE=",
			"requires": {
				"@babel/runtime": "^7.7.2",
				"clsx": "^1.0.4",
				"dom-helpers": "^5.1.3",
				"loose-envify": "^1.4.0",
				"prop-types": "^15.7.2",
				"react-lifecycles-compat": "^3.0.4"
			},
			"dependencies": {
				"dom-helpers": {
					"version": "5.2.1",
					"resolved": "https://artifactory.skyscannertools.net/artifactory/api/npm/npm/dom-helpers/-/dom-helpers-5.2.1.tgz",
					"integrity": "sha1-2UAFNrK/giWtmP4FLgKUUaxA6QI=",
					"requires": {
						"@babel/runtime": "^7.8.7",
						"csstype": "^3.0.2"
					}
				},
				"prop-types": {
					"version": "15.7.2",
					"resolved": "https://artifactory.skyscannertools.net/artifactory/api/npm/npm/prop-types/-/prop-types-15.7.2.tgz",
					"integrity": "sha1-UsQedbjIfnK52TYOAga5ncv/psU=",
					"requires": {
						"loose-envify": "^1.4.0",
						"object-assign": "^4.1.1",
						"react-is": "^16.8.1"
					}
				}
			}
		},
		"recompose": {
			"version": "0.30.0",
			"resolved": "https://artifactory.skyscannertools.net/artifactory/api/npm/npm/recompose/-/recompose-0.30.0.tgz",
			"integrity": "sha1-gnc2QbOSfox9JKDYfWWu66GKq9A=",
			"requires": {
				"@babel/runtime": "^7.0.0",
				"change-emitter": "^0.1.2",
				"fbjs": "^0.8.1",
				"hoist-non-react-statics": "^2.3.1",
				"react-lifecycles-compat": "^3.0.2",
				"symbol-observable": "^1.0.4"
			}
		},
		"regenerator-runtime": {
			"version": "0.13.9",
			"resolved": "https://artifactory.skyscannertools.net/artifactory/api/npm/npm/regenerator-runtime/-/regenerator-runtime-0.13.9.tgz",
			"integrity": "sha1-iSV0Kpj/2QgUmI11Zq0wyjsmO1I="
		},
		"safer-buffer": {
			"version": "2.1.2",
			"resolved": "https://artifactory.skyscannertools.net/artifactory/api/npm/npm/safer-buffer/-/safer-buffer-2.1.2.tgz",
			"integrity": "sha1-RPoWGwGHuVSd2Eu5GAL5vYOFzWo="
		},
		"setimmediate": {
			"version": "1.0.5",
			"resolved": "https://artifactory.skyscannertools.net/artifactory/api/npm/npm/setimmediate/-/setimmediate-1.0.5.tgz",
			"integrity": "sha1-KQy7Iy4waULX1+qbg3Mqt4VvgoU="
		},
		"simple-swizzle": {
			"version": "0.2.2",
			"resolved": "https://artifactory.skyscannertools.net/artifactory/api/npm/npm/simple-swizzle/-/simple-swizzle-0.2.2.tgz",
			"integrity": "sha1-pNprY1/8zMoz9w0Xy5JZLeleVXo=",
			"requires": {
				"is-arrayish": "^0.3.1"
			}
		},
		"symbol-observable": {
			"version": "1.2.0",
			"resolved": "https://artifactory.skyscannertools.net/artifactory/api/npm/npm/symbol-observable/-/symbol-observable-1.2.0.tgz",
			"integrity": "sha1-wiaIrtTqs83C3+rLtWFmBWCgCAQ="
		},
		"ua-parser-js": {
			"version": "0.7.28",
			"resolved": "https://artifactory.skyscannertools.net/artifactory/api/npm/npm/ua-parser-js/-/ua-parser-js-0.7.28.tgz",
			"integrity": "sha1-i6BOZT81ziECOcZGYWhb+RId7DE="
		},
		"whatwg-fetch": {
			"version": "3.6.2",
			"resolved": "https://artifactory.skyscannertools.net/artifactory/api/npm/npm/whatwg-fetch/-/whatwg-fetch-3.6.2.tgz",
			"integrity": "sha1-3O0k838mJO0CgXJdUdDi4/5nf4w="
		}
	}
}
