{
	"name": "bpk-component-scrollable-calendar",
	"version": "0.0.0",
	"lockfileVersion": 1,
	"requires": true,
	"dependencies": {
		"asap": {
			"version": "2.0.6",
			"resolved": "https://registry.npmjs.org/asap/-/asap-2.0.6.tgz",
			"integrity": "sha1-5QNHYR1+aQlDIIu9r+vLwvuGbUY="
		},
		"bpk-component-calendar": {
			"version": "4.2.38",
			"resolved": "https://registry.npmjs.org/bpk-component-calendar/-/bpk-component-calendar-4.2.38.tgz",
			"integrity": "sha512-Sf4jNyluGntujGPPY2089FujSOze0MGorZs5vvO+FCwp6kUQ1TP28LLwArDf1VbJ1dNd1phYAxAbjlC0iGIsaw==",
			"requires": {
				"bpk-component-icon": "3.22.0",
				"bpk-component-select": "2.2.5",
				"bpk-mixins": "17.11.0",
				"bpk-react-utils": "2.6.1",
				"bpk-tokens": "27.0.4",
				"date-fns": "1.29.0",
				"prop-types": "15.6.2"
			},
			"dependencies": {
				"bpk-mixins": {
					"version": "17.11.0",
					"resolved": "https://registry.npmjs.org/bpk-mixins/-/bpk-mixins-17.11.0.tgz",
					"integrity": "sha512-c9nZmkbPzmvPo4vGBO7U2G1GyIEfwJm7WJWlipxygs8tA079RvItzGnFcYIlHRjg05i21cgEu/S/S85FYESoMQ==",
					"requires": {
						"bpk-svgs": "5.18.0",
						"bpk-tokens": "27.0.4"
					}
				},
				"bpk-react-utils": {
					"version": "2.6.1",
					"resolved": "https://registry.npmjs.org/bpk-react-utils/-/bpk-react-utils-2.6.1.tgz",
					"integrity": "sha512-+Au3nKsS4JXC7paNxtYiiG5GN2kXwwoG9YKWbsvGLOb5173iyOSWvtN5y3RX2uQceLIt6ZpMFNClOtYFtFWqqQ==",
					"requires": {
						"object-assign": "4.1.1",
						"prop-types": "15.6.2",
						"react-transition-group": "2.4.0",
						"recompose": "0.26.0"
					}
				}
			}
		},
		"bpk-component-icon": {
			"version": "3.22.0",
			"resolved": "https://registry.npmjs.org/bpk-component-icon/-/bpk-component-icon-3.22.0.tgz",
			"integrity": "sha512-CE3tev5zEXLRKPjNspM93ieKC3JERfmCtdRujboCWVsHC7JtVjWjeOsFKLlgxXaMfseNtki5q6aO1cvdCEFAGw==",
			"requires": {
				"bpk-mixins": "17.11.0",
				"bpk-react-utils": "2.6.1",
				"bpk-svgs": "5.18.0",
				"bpk-tokens": "27.0.4",
				"prop-types": "15.6.2"
			},
			"dependencies": {
				"bpk-mixins": {
					"version": "17.11.0",
					"resolved": "https://registry.npmjs.org/bpk-mixins/-/bpk-mixins-17.11.0.tgz",
					"integrity": "sha512-c9nZmkbPzmvPo4vGBO7U2G1GyIEfwJm7WJWlipxygs8tA079RvItzGnFcYIlHRjg05i21cgEu/S/S85FYESoMQ==",
					"requires": {
						"bpk-svgs": "5.18.0",
						"bpk-tokens": "27.0.4"
					}
				},
				"bpk-react-utils": {
					"version": "2.6.1",
					"resolved": "https://registry.npmjs.org/bpk-react-utils/-/bpk-react-utils-2.6.1.tgz",
					"integrity": "sha512-+Au3nKsS4JXC7paNxtYiiG5GN2kXwwoG9YKWbsvGLOb5173iyOSWvtN5y3RX2uQceLIt6ZpMFNClOtYFtFWqqQ==",
					"requires": {
						"object-assign": "4.1.1",
						"prop-types": "15.6.2",
						"react-transition-group": "2.4.0",
						"recompose": "0.26.0"
					}
				}
			}
		},
		"bpk-component-select": {
			"version": "2.2.5",
			"resolved": "https://registry.npmjs.org/bpk-component-select/-/bpk-component-select-2.2.5.tgz",
			"integrity": "sha512-YPkks+z0hbB8vH52M1/j/qtkiQEzkG4MqDr22j7CvzQYmgA3SRFezF83+nipECPs2JBxc/KQp3zOptceDWg6HQ==",
			"requires": {
				"bpk-mixins": "17.11.0",
				"bpk-react-utils": "2.6.1",
				"prop-types": "15.6.2"
			},
			"dependencies": {
				"bpk-mixins": {
					"version": "17.11.0",
					"resolved": "https://registry.npmjs.org/bpk-mixins/-/bpk-mixins-17.11.0.tgz",
					"integrity": "sha512-c9nZmkbPzmvPo4vGBO7U2G1GyIEfwJm7WJWlipxygs8tA079RvItzGnFcYIlHRjg05i21cgEu/S/S85FYESoMQ==",
					"requires": {
						"bpk-svgs": "5.18.0",
						"bpk-tokens": "27.0.4"
					}
				},
				"bpk-react-utils": {
					"version": "2.6.1",
					"resolved": "https://registry.npmjs.org/bpk-react-utils/-/bpk-react-utils-2.6.1.tgz",
					"integrity": "sha512-+Au3nKsS4JXC7paNxtYiiG5GN2kXwwoG9YKWbsvGLOb5173iyOSWvtN5y3RX2uQceLIt6ZpMFNClOtYFtFWqqQ==",
					"requires": {
						"object-assign": "4.1.1",
						"prop-types": "15.6.2",
						"react-transition-group": "2.4.0",
						"recompose": "0.26.0"
					}
				}
			}
		},
		"bpk-component-text": {
			"version": "1.0.65",
			"resolved": "https://registry.npmjs.org/bpk-component-text/-/bpk-component-text-1.0.65.tgz",
			"integrity": "sha512-ddmYjybGX9yii5wCGGJBlOh9E/CJPjCCaIEXExb2OyuWgp8gy3V5JJPzOTZoUP4Kq6Bz23bpTEA3jEbVdxFMDw==",
			"requires": {
				"bpk-mixins": "17.11.0",
				"bpk-react-utils": "2.6.1",
				"prop-types": "15.6.2"
			},
			"dependencies": {
				"bpk-mixins": {
					"version": "17.11.0",
					"resolved": "https://registry.npmjs.org/bpk-mixins/-/bpk-mixins-17.11.0.tgz",
					"integrity": "sha512-c9nZmkbPzmvPo4vGBO7U2G1GyIEfwJm7WJWlipxygs8tA079RvItzGnFcYIlHRjg05i21cgEu/S/S85FYESoMQ==",
					"requires": {
						"bpk-svgs": "5.18.0",
						"bpk-tokens": "27.0.4"
					}
				},
				"bpk-react-utils": {
					"version": "2.6.1",
					"resolved": "https://registry.npmjs.org/bpk-react-utils/-/bpk-react-utils-2.6.1.tgz",
					"integrity": "sha512-+Au3nKsS4JXC7paNxtYiiG5GN2kXwwoG9YKWbsvGLOb5173iyOSWvtN5y3RX2uQceLIt6ZpMFNClOtYFtFWqqQ==",
					"requires": {
						"object-assign": "4.1.1",
						"prop-types": "15.6.2",
						"react-transition-group": "2.4.0",
						"recompose": "0.26.0"
					}
				}
			}
		},
		"bpk-mixins": {
			"version": "17.11.0",
			"resolved": "https://registry.npmjs.org/bpk-mixins/-/bpk-mixins-17.11.0.tgz",
			"integrity": "sha512-c9nZmkbPzmvPo4vGBO7U2G1GyIEfwJm7WJWlipxygs8tA079RvItzGnFcYIlHRjg05i21cgEu/S/S85FYESoMQ==",
			"requires": {
				"bpk-svgs": "5.18.0",
				"bpk-tokens": "27.0.4"
			}
		},
		"bpk-react-utils": {
			"version": "2.6.1",
			"resolved": "https://registry.npmjs.org/bpk-react-utils/-/bpk-react-utils-2.6.1.tgz",
			"integrity": "sha512-+Au3nKsS4JXC7paNxtYiiG5GN2kXwwoG9YKWbsvGLOb5173iyOSWvtN5y3RX2uQceLIt6ZpMFNClOtYFtFWqqQ==",
			"requires": {
				"object-assign": "4.1.1",
				"prop-types": "15.6.2",
				"react-transition-group": "2.4.0",
				"recompose": "0.26.0"
			}
		},
		"bpk-svgs": {
			"version": "5.18.0",
			"resolved": "https://registry.npmjs.org/bpk-svgs/-/bpk-svgs-5.18.0.tgz",
			"integrity": "sha512-Y68nA1qm+39PDgUjDiGDukowmSHWusmDx3CSmTF7MCOXLuzOdhQnJtSMxwT5GXd6sw23zWLws/1Up7RwNzk91A=="
		},
		"bpk-tokens": {
			"version": "27.0.4",
			"resolved": "https://registry.npmjs.org/bpk-tokens/-/bpk-tokens-27.0.4.tgz",
			"integrity": "sha512-4RNnBshSH/GrY6ET1VB28p8YeimBfSUNyj8RZ/KFV205Qy1ytwcdbAeHOuYCVOrKUsv3BAcCKcuJ9AyY+3oP1A==",
			"requires": {
				"color": "2.0.1"
			}
		},
		"change-emitter": {
			"version": "0.1.6",
			"resolved": "https://registry.npmjs.org/change-emitter/-/change-emitter-0.1.6.tgz",
			"integrity": "sha1-6LL+PX8at9aaMhma/5HqaTFAlRU="
		},
		"color": {
			"version": "2.0.1",
			"resolved": "https://registry.npmjs.org/color/-/color-2.0.1.tgz",
			"integrity": "sha512-ubUCVVKfT7r2w2D3qtHakj8mbmKms+tThR8gI8zEYCbUBl8/voqFGt3kgBqGwXAopgXybnkuOq+qMYCRrp4cXw==",
			"requires": {
				"color-convert": "1.9.2",
				"color-string": "1.5.2"
			}
		},
		"color-convert": {
			"version": "1.9.2",
			"resolved": "https://registry.npmjs.org/color-convert/-/color-convert-1.9.2.tgz",
			"integrity": "sha512-3NUJZdhMhcdPn8vJ9v2UQJoH0qqoGUkYTgFEPZaPjEtwmmKUfNV46zZmgB2M5M4DCEQHMaCfWHCxiBflLm04Tg==",
			"requires": {
				"color-name": "1.1.1"
			}
		},
		"color-name": {
			"version": "1.1.1",
			"resolved": "https://registry.npmjs.org/color-name/-/color-name-1.1.1.tgz",
			"integrity": "sha1-SxQVMEz1ACjqgWQ2Q72C6gWANok="
		},
		"color-string": {
			"version": "1.5.2",
			"resolved": "https://registry.npmjs.org/color-string/-/color-string-1.5.2.tgz",
			"integrity": "sha1-JuRYFLw8mny9Z1FkikFDRRSnc6k=",
			"requires": {
				"color-name": "1.1.1",
				"simple-swizzle": "0.2.2"
			}
		},
		"core-js": {
			"version": "1.2.7",
			"resolved": "https://registry.npmjs.org/core-js/-/core-js-1.2.7.tgz",
			"integrity": "sha1-ZSKUwUZR2yj6k70tX/KYOk8IxjY="
		},
		"date-fns": {
			"version": "1.29.0",
			"resolved": "https://registry.npmjs.org/date-fns/-/date-fns-1.29.0.tgz",
			"integrity": "sha512-lbTXWZ6M20cWH8N9S6afb0SBm6tMk+uUg6z3MqHPKE9atmsY3kJkTm8vKe93izJ2B2+q5MV990sM2CHgtAZaOw=="
		},
		"dom-helpers": {
			"version": "3.3.1",
			"resolved": "https://registry.npmjs.org/dom-helpers/-/dom-helpers-3.3.1.tgz",
			"integrity": "sha512-2Sm+JaYn74OiTM2wHvxJOo3roiq/h25Yi69Fqk269cNUwIXsCvATB6CRSFC9Am/20G2b28hGv/+7NiWydIrPvg=="
		},
		"encoding": {
			"version": "0.1.12",
			"resolved": "https://registry.npmjs.org/encoding/-/encoding-0.1.12.tgz",
			"integrity": "sha1-U4tm8+5izRq1HsMjgp0flIDHS+s=",
			"requires": {
				"iconv-lite": "0.4.23"
			}
		},
		"fbjs": {
			"version": "0.8.17",
			"resolved": "https://registry.npmjs.org/fbjs/-/fbjs-0.8.17.tgz",
			"integrity": "sha1-xNWY6taUkRJlPWWIsBpc3Nn5D90=",
			"requires": {
				"core-js": "1.2.7",
				"isomorphic-fetch": "2.2.1",
				"loose-envify": "1.4.0",
				"object-assign": "4.1.1",
				"promise": "7.3.1",
				"setimmediate": "1.0.5",
				"ua-parser-js": "0.7.18"
			}
		},
		"hoist-non-react-statics": {
			"version": "2.5.5",
			"resolved": "https://registry.npmjs.org/hoist-non-react-statics/-/hoist-non-react-statics-2.5.5.tgz",
			"integrity": "sha512-rqcy4pJo55FTTLWt+bU8ukscqHeE/e9KWvsOW2b/a3afxQZhwkQdT1rPPCJ0rYXdj4vNcasY8zHTH+jF/qStxw=="
		},
		"iconv-lite": {
			"version": "0.4.23",
			"resolved": "https://registry.npmjs.org/iconv-lite/-/iconv-lite-0.4.23.tgz",
			"integrity": "sha512-neyTUVFtahjf0mB3dZT77u+8O0QB89jFdnBkd5P1JgYPbPaia3gXXOVL2fq8VyU2gMMD7SaN7QukTB/pmXYvDA==",
			"requires": {
				"safer-buffer": "2.1.2"
			}
		},
		"is-arrayish": {
			"version": "0.3.2",
			"resolved": "https://registry.npmjs.org/is-arrayish/-/is-arrayish-0.3.2.tgz",
			"integrity": "sha512-eVRqCvVlZbuw3GrM63ovNSNAeA1K16kaR/LRY/92w0zxQ5/1YzwblUX652i4Xs9RwAGjW9d9y6X88t8OaAJfWQ=="
		},
		"is-stream": {
			"version": "1.1.0",
			"resolved": "https://registry.npmjs.org/is-stream/-/is-stream-1.1.0.tgz",
			"integrity": "sha1-EtSj3U5o4Lec6428hBc66A2RykQ="
		},
		"isomorphic-fetch": {
			"version": "2.2.1",
			"resolved": "https://registry.npmjs.org/isomorphic-fetch/-/isomorphic-fetch-2.2.1.tgz",
			"integrity": "sha1-YRrhrPFPXoH3KVB0coGf6XM1WKk=",
			"requires": {
				"node-fetch": "1.7.3",
				"whatwg-fetch": "2.0.4"
			}
		},
		"js-tokens": {
			"version": "4.0.0",
			"resolved": "https://registry.npmjs.org/js-tokens/-/js-tokens-4.0.0.tgz",
			"integrity": "sha512-RdJUflcE3cUzKiMqQgsCu06FPu9UdIJO0beYbPhHN4k6apgJtifcoCtT9bcxOpYBtpD2kCM6Sbzg4CausW/PKQ=="
		},
		"loose-envify": {
			"version": "1.4.0",
			"resolved": "https://registry.npmjs.org/loose-envify/-/loose-envify-1.4.0.tgz",
			"integrity": "sha512-lyuxPGr/Wfhrlem2CL/UcnUc1zcqKAImBDzukY7Y5F/yQiNdko6+fRLevlw1HgMySw7f611UIY408EtxRSoK3Q==",
			"requires": {
				"js-tokens": "4.0.0"
			}
		},
		"node-fetch": {
			"version": "1.7.3",
			"resolved": "https://registry.npmjs.org/node-fetch/-/node-fetch-1.7.3.tgz",
			"integrity": "sha512-NhZ4CsKx7cYm2vSrBAr2PvFOe6sWDf0UYLRqA6svUYg7+/TSfVAu49jYC4BvQ4Sms9SZgdqGBgroqfDhJdTyKQ==",
			"requires": {
				"encoding": "0.1.12",
				"is-stream": "1.1.0"
			}
		},
		"object-assign": {
			"version": "4.1.1",
			"resolved": "https://registry.npmjs.org/object-assign/-/object-assign-4.1.1.tgz",
			"integrity": "sha1-IQmtx5ZYh8/AXLvUQsrIv7s2CGM="
		},
		"promise": {
			"version": "7.3.1",
			"resolved": "https://registry.npmjs.org/promise/-/promise-7.3.1.tgz",
			"integrity": "sha512-nolQXZ/4L+bP/UGlkfaIujX9BKxGwmQ9OT4mOt5yvy8iK1h3wqTEJCijzGANTCCl9nWjY41juyAn2K3Q1hLLTg==",
			"requires": {
				"asap": "2.0.6"
			}
		},
		"prop-types": {
			"version": "15.6.2",
			"resolved": "https://registry.npmjs.org/prop-types/-/prop-types-15.6.2.tgz",
			"integrity": "sha512-3pboPvLiWD7dkI3qf3KbUe6hKFKa52w+AE0VCqECtf+QHAKgOL37tTaNCnuX1nAAQ4ZhyP+kYVKf8rLmJ/feDQ==",
			"requires": {
				"loose-envify": "1.4.0",
				"object-assign": "4.1.1"
			}
		},
		"react-lifecycles-compat": {
			"version": "3.0.4",
			"resolved": "https://registry.npmjs.org/react-lifecycles-compat/-/react-lifecycles-compat-3.0.4.tgz",
			"integrity": "sha512-fBASbA6LnOU9dOU2eW7aQ8xmYBSXUIWr+UmF9b1efZBazGNO+rcXT/icdKnYm2pTwcRylVUYwW7H1PHfLekVzA=="
		},
		"react-transition-group": {
			"version": "2.4.0",
			"resolved": "https://registry.npmjs.org/react-transition-group/-/react-transition-group-2.4.0.tgz",
			"integrity": "sha512-Xv5d55NkJUxUzLCImGSanK8Cl/30sgpOEMGc5m86t8+kZwrPxPCPcFqyx83kkr+5Lz5gs6djuvE5By+gce+VjA==",
			"requires": {
				"dom-helpers": "3.3.1",
				"loose-envify": "1.4.0",
				"prop-types": "15.6.2",
				"react-lifecycles-compat": "3.0.4"
			}
		},
		"recompose": {
			"version": "0.26.0",
			"resolved": "https://registry.npmjs.org/recompose/-/recompose-0.26.0.tgz",
			"integrity": "sha512-KwOu6ztO0mN5vy3+zDcc45lgnaUoaQse/a5yLVqtzTK13czSWnFGmXbQVmnoMgDkI5POd1EwIKSbjU1V7xdZog==",
			"requires": {
				"change-emitter": "0.1.6",
				"fbjs": "0.8.17",
				"hoist-non-react-statics": "2.5.5",
				"symbol-observable": "1.2.0"
			}
		},
		"safer-buffer": {
			"version": "2.1.2",
			"resolved": "https://registry.npmjs.org/safer-buffer/-/safer-buffer-2.1.2.tgz",
			"integrity": "sha512-YZo3K82SD7Riyi0E1EQPojLz7kpepnSQI9IyPbHHg1XXXevb5dJI7tpyN2ADxGcQbHG7vcyRHk0cbwqcQriUtg=="
		},
		"setimmediate": {
			"version": "1.0.5",
			"resolved": "https://registry.npmjs.org/setimmediate/-/setimmediate-1.0.5.tgz",
			"integrity": "sha1-KQy7Iy4waULX1+qbg3Mqt4VvgoU="
		},
		"simple-swizzle": {
			"version": "0.2.2",
			"resolved": "https://registry.npmjs.org/simple-swizzle/-/simple-swizzle-0.2.2.tgz",
			"integrity": "sha1-pNprY1/8zMoz9w0Xy5JZLeleVXo=",
			"requires": {
				"is-arrayish": "0.3.2"
			}
		},
		"symbol-observable": {
			"version": "1.2.0",
			"resolved": "https://registry.npmjs.org/symbol-observable/-/symbol-observable-1.2.0.tgz",
			"integrity": "sha512-e900nM8RRtGhlV36KGEU9k65K3mPb1WV70OdjfxlG2EAuM1noi/E/BaW/uMhL7bPEssK8QV57vN3esixjUvcXQ=="
		},
		"ua-parser-js": {
			"version": "0.7.18",
			"resolved": "https://registry.npmjs.org/ua-parser-js/-/ua-parser-js-0.7.18.tgz",
			"integrity": "sha512-LtzwHlVHwFGTptfNSgezHp7WUlwiqb0gA9AALRbKaERfxwJoiX0A73QbTToxteIAuIaFshhgIZfqK8s7clqgnA=="
		},
		"whatwg-fetch": {
			"version": "2.0.4",
			"resolved": "https://registry.npmjs.org/whatwg-fetch/-/whatwg-fetch-2.0.4.tgz",
			"integrity": "sha512-dcQ1GWpOD/eEQ97k66aiEVpNnapVj90/+R+SXTPYGHpYBBypfKJEQjLrvMZ7YXbKm21gXd4NcuxUTjiv1YtLng=="
		}
	}
}
