{
	"name": "react-native-backpack",
	"version": "0.0.4",
	"lockfileVersion": 1,
	"requires": true,
	"dependencies": {
		"bpk-tokens": {
			"version": "27.0.6",
			"resolved": "https://registry.npmjs.org/bpk-tokens/-/bpk-tokens-27.0.6.tgz",
			"integrity": "sha512-R4v0PCkQ6IMxJbezx+Wk3TOA7pceo9xFdn9rE86S7KsuXg3CTkRlNBrUZpN2a+V0sK3sCoTP3Q2VbUWZUXCQ6Q==",
			"dev": true,
			"requires": {
				"color": "^3.0.0"
			}
		},
		"color": {
			"version": "3.0.0",
			"resolved": "https://registry.npmjs.org/color/-/color-3.0.0.tgz",
			"integrity": "sha512-jCpd5+s0s0t7p3pHQKpnJ0TpQKKdleP71LWcA0aqiljpiuAkOSUFN/dyH8ZwF0hRmFlrIuRhufds1QyEP9EB+w==",
			"dev": true,
			"requires": {
				"color-convert": "^1.9.1",
				"color-string": "^1.5.2"
			}
		},
		"color-convert": {
			"version": "1.9.2",
			"resolved": "https://registry.npmjs.org/color-convert/-/color-convert-1.9.2.tgz",
			"integrity": "sha512-3NUJZdhMhcdPn8vJ9v2UQJoH0qqoGUkYTgFEPZaPjEtwmmKUfNV46zZmgB2M5M4DCEQHMaCfWHCxiBflLm04Tg==",
			"dev": true,
			"requires": {
				"color-name": "1.1.1"
			}
		},
		"color-name": {
			"version": "1.1.1",
			"resolved": "https://registry.npmjs.org/color-name/-/color-name-1.1.1.tgz",
			"integrity": "sha1-SxQVMEz1ACjqgWQ2Q72C6gWANok=",
			"dev": true
		},
		"color-string": {
			"version": "1.5.3",
			"resolved": "https://registry.npmjs.org/color-string/-/color-string-1.5.3.tgz",
			"integrity": "sha512-dC2C5qeWoYkxki5UAXapdjqO672AM4vZuPGRQfO8b5HKuKGBbKWpITyDYN7TOFKvRW7kOgAn3746clDBMDJyQw==",
			"dev": true,
			"requires": {
				"color-name": "^1.0.0",
				"simple-swizzle": "^0.2.2"
			}
		},
		"is-arrayish": {
			"version": "0.3.2",
			"resolved": "https://registry.npmjs.org/is-arrayish/-/is-arrayish-0.3.2.tgz",
			"integrity": "sha512-eVRqCvVlZbuw3GrM63ovNSNAeA1K16kaR/LRY/92w0zxQ5/1YzwblUX652i4Xs9RwAGjW9d9y6X88t8OaAJfWQ==",
			"dev": true
		},
		"js-tokens": {
			"version": "4.0.0",
			"resolved": "https://registry.npmjs.org/js-tokens/-/js-tokens-4.0.0.tgz",
			"integrity": "sha512-RdJUflcE3cUzKiMqQgsCu06FPu9UdIJO0beYbPhHN4k6apgJtifcoCtT9bcxOpYBtpD2kCM6Sbzg4CausW/PKQ=="
		},
		"loose-envify": {
			"version": "1.4.0",
			"resolved": "https://registry.npmjs.org/loose-envify/-/loose-envify-1.4.0.tgz",
			"integrity": "sha512-lyuxPGr/Wfhrlem2CL/UcnUc1zcqKAImBDzukY7Y5F/yQiNdko6+fRLevlw1HgMySw7f611UIY408EtxRSoK3Q==",
			"requires": {
				"js-tokens": "^3.0.0 || ^4.0.0"
			}
		},
		"object-assign": {
			"version": "4.1.1",
			"resolved": "https://registry.npmjs.org/object-assign/-/object-assign-4.1.1.tgz",
			"integrity": "sha1-IQmtx5ZYh8/AXLvUQsrIv7s2CGM="
		},
		"prop-types": {
			"version": "15.6.2",
			"resolved": "https://registry.npmjs.org/prop-types/-/prop-types-15.6.2.tgz",
			"integrity": "sha512-3pboPvLiWD7dkI3qf3KbUe6hKFKa52w+AE0VCqECtf+QHAKgOL37tTaNCnuX1nAAQ4ZhyP+kYVKf8rLmJ/feDQ==",
			"requires": {
				"loose-envify": "^1.3.1",
				"object-assign": "^4.1.1"
			}
		},
		"react-native-bpk-component-text": {
			"version": "2.1.45",
			"resolved": "https://registry.npmjs.org/react-native-bpk-component-text/-/react-native-bpk-component-text-2.1.45.tgz",
			"integrity": "sha512-kF5naA6HWQ53Cl7MTfXMFTGt4cVe9/80sNjyIKG+KRmJhjme1gLWyKjrjAuk+K2t4XSDAWQwPVuJLNqd5vhH7w==",
			"dev": true,
			"requires": {
				"bpk-tokens": "^27.0.6",
				"prop-types": "^15.5.8"
			}
		},
		"simple-swizzle": {
			"version": "0.2.2",
			"resolved": "https://registry.npmjs.org/simple-swizzle/-/simple-swizzle-0.2.2.tgz",
			"integrity": "sha1-pNprY1/8zMoz9w0Xy5JZLeleVXo=",
			"dev": true,
			"requires": {
				"is-arrayish": "^0.3.1"
			}
		}
	}
}
