{
	"name": "bpk-component-breakpoint",
	"version": "1.1.26",
	"lockfileVersion": 1,
	"requires": true,
	"dependencies": {
		"bpk-mixins": {
			"version": "17.11.22",
			"resolved": "https://registry.npmjs.org/bpk-mixins/-/bpk-mixins-17.11.22.tgz",
			"integrity": "sha512-sdKjRKEMrEWTepno+1wfQ767oPcqX+J0xE2q8f39UW43fqswQncRAQsSVVxCufOKkuZSxLkyq2wSsc7tsWG/wg==",
			"requires": {
				"bpk-svgs": "^6.0.1",
				"bpk-tokens": "^27.2.0"
			}
		},
		"bpk-svgs": {
			"version": "6.0.1",
			"resolved": "https://registry.npmjs.org/bpk-svgs/-/bpk-svgs-6.0.1.tgz",
			"integrity": "sha512-brpG7XCd/7ukmatOEyvcwLBmrNlplDYfqAMEjP7tMmRWvk2ovhYaDLF5fpFrKZPeDNB6Dpo+rLU86bG+mVH3lQ=="
		},
		"bpk-tokens": {
			"version": "27.2.0",
			"resolved": "https://registry.npmjs.org/bpk-tokens/-/bpk-tokens-27.2.0.tgz",
			"integrity": "sha512-EbYDiVk5NtAnKRGOVEnGUi1IVUz5+ExBaj5LNTWndxDFOo8I2NIkediaukxIPib39EaTF6l9OCZI8Ft03y+WPA==",
			"requires": {
				"color": "^3.0.0"
			}
		},
		"color": {
			"version": "3.1.0",
			"resolved": "https://registry.npmjs.org/color/-/color-3.1.0.tgz",
			"integrity": "sha512-CwyopLkuRYO5ei2EpzpIh6LqJMt6Mt+jZhO5VI5f/wJLZriXQE32/SSqzmrh+QB+AZT81Cj8yv+7zwToW8ahZg==",
			"requires": {
				"color-convert": "^1.9.1",
				"color-string": "^1.5.2"
			}
		},
		"color-convert": {
			"version": "1.9.3",
			"resolved": "https://registry.npmjs.org/color-convert/-/color-convert-1.9.3.tgz",
			"integrity": "sha512-QfAUtd+vFdAtFQcC8CCyYt1fYWxSqAiK2cSD6zDB8N3cpsEBAvRxp9zOGg6G/SHHJYAT88/az/IuDGALsNVbGg==",
			"requires": {
				"color-name": "1.1.3"
			}
		},
		"color-name": {
			"version": "1.1.3",
			"resolved": "https://registry.npmjs.org/color-name/-/color-name-1.1.3.tgz",
			"integrity": "sha1-p9BVi9icQveV3UIyj3QIMcpTvCU="
		},
		"color-string": {
			"version": "1.5.3",
			"resolved": "https://registry.npmjs.org/color-string/-/color-string-1.5.3.tgz",
			"integrity": "sha512-dC2C5qeWoYkxki5UAXapdjqO672AM4vZuPGRQfO8b5HKuKGBbKWpITyDYN7TOFKvRW7kOgAn3746clDBMDJyQw==",
			"requires": {
				"color-name": "^1.0.0",
				"simple-swizzle": "^0.2.2"
			}
		},
		"css-mediaquery": {
			"version": "0.1.2",
			"resolved": "https://registry.npmjs.org/css-mediaquery/-/css-mediaquery-0.1.2.tgz",
			"integrity": "sha1-aiw3NEkoYYYxxUvTPO3TAdoYvqA="
		},
		"hyphenate-style-name": {
			"version": "1.0.2",
			"resolved": "https://registry.npmjs.org/hyphenate-style-name/-/hyphenate-style-name-1.0.2.tgz",
			"integrity": "sha1-MRYKNpMK2vH8BMYHT360FGXU7Es="
		},
		"is-arrayish": {
			"version": "0.3.2",
			"resolved": "https://registry.npmjs.org/is-arrayish/-/is-arrayish-0.3.2.tgz",
			"integrity": "sha512-eVRqCvVlZbuw3GrM63ovNSNAeA1K16kaR/LRY/92w0zxQ5/1YzwblUX652i4Xs9RwAGjW9d9y6X88t8OaAJfWQ=="
		},
		"js-tokens": {
			"version": "4.0.0",
			"resolved": "https://registry.npmjs.org/js-tokens/-/js-tokens-4.0.0.tgz",
			"integrity": "sha512-RdJUflcE3cUzKiMqQgsCu06FPu9UdIJO0beYbPhHN4k6apgJtifcoCtT9bcxOpYBtpD2kCM6Sbzg4CausW/PKQ=="
		},
		"loose-envify": {
			"version": "1.4.0",
			"resolved": "https://registry.npmjs.org/loose-envify/-/loose-envify-1.4.0.tgz",
			"integrity": "sha512-lyuxPGr/Wfhrlem2CL/UcnUc1zcqKAImBDzukY7Y5F/yQiNdko6+fRLevlw1HgMySw7f611UIY408EtxRSoK3Q==",
			"requires": {
				"js-tokens": "^3.0.0 || ^4.0.0"
			}
		},
		"matchmediaquery": {
			"version": "0.3.0",
			"resolved": "https://registry.npmjs.org/matchmediaquery/-/matchmediaquery-0.3.0.tgz",
			"integrity": "sha512-u0dlv+VENJ+3YepvwSPBieuvnA6DWfaYa/ctwysAR13y4XLJNyt7bEVKzNj/Nvjo+50d88Pj+xL9xaSo6JmX/w==",
			"requires": {
				"css-mediaquery": "^0.1.2"
			}
		},
		"object-assign": {
			"version": "4.1.1",
			"resolved": "https://registry.npmjs.org/object-assign/-/object-assign-4.1.1.tgz",
			"integrity": "sha1-IQmtx5ZYh8/AXLvUQsrIv7s2CGM="
		},
		"prop-types": {
			"version": "15.6.2",
			"resolved": "https://registry.npmjs.org/prop-types/-/prop-types-15.6.2.tgz",
			"integrity": "sha512-3pboPvLiWD7dkI3qf3KbUe6hKFKa52w+AE0VCqECtf+QHAKgOL37tTaNCnuX1nAAQ4ZhyP+kYVKf8rLmJ/feDQ==",
			"requires": {
				"loose-envify": "^1.3.1",
				"object-assign": "^4.1.1"
			}
		},
		"react-responsive": {
			"version": "6.0.1",
			"resolved": "https://registry.npmjs.org/react-responsive/-/react-responsive-6.0.1.tgz",
			"integrity": "sha512-+eAYy0zVLgNtUN+WH4SHH1xao/Okj9HXXcK8jdHq4v07v3TV8LGL9HtHwgSVdXqmUAdh+QGugn9ccnnWbnD0+Q==",
			"requires": {
				"hyphenate-style-name": "^1.0.0",
				"matchmediaquery": "^0.3.0",
				"prop-types": "^15.6.1"
			}
		},
		"simple-swizzle": {
			"version": "0.2.2",
			"resolved": "https://registry.npmjs.org/simple-swizzle/-/simple-swizzle-0.2.2.tgz",
			"integrity": "sha1-pNprY1/8zMoz9w0Xy5JZLeleVXo=",
			"requires": {
				"is-arrayish": "^0.3.1"
			}
		}
	}
}
