{
	"name": "bpk-component-fieldset",
	"version": "2.0.123",
	"lockfileVersion": 1,
	"requires": true,
	"dependencies": {
		"@babel/runtime": {
			"version": "7.13.8",
			"resolved": "https://registry.npmjs.org/@babel/runtime/-/runtime-7.13.8.tgz",
			"integrity": "sha512-CwQljpw6qSayc0fRG1soxHAKs1CnQMOChm4mlQP6My0kf9upVGizj/KhlTTgyUnETmHpcUXjaluNAkteRFuafg==",
			"requires": {
				"regenerator-runtime": "^0.13.4"
			}
		},
		"@skyscanner/popper.js": {
			"version": "1.12.9-beta.1",
			"resolved": "https://registry.npmjs.org/@skyscanner/popper.js/-/popper.js-1.12.9-beta.1.tgz",
			"integrity": "sha512-yXFrSHa2qsXXem8ZpsWjvBEiMIzPOhlVD7uIdwWuzKGyKCxuMFBlociYp6D5tGBVSmF7Mbq5YtXkefQD8ZVeAg==",
			"dev": true
		},
		"a11y-focus-scope": {
			"version": "1.1.3",
			"resolved": "https://registry.npmjs.org/a11y-focus-scope/-/a11y-focus-scope-1.1.3.tgz",
			"integrity": "sha1-95U4TU3UDM7BxKFg700TNx0BWug=",
			"dev": true,
			"requires": {
				"focusin": "^2.0.0",
				"tabbable": "^1.0.0"
			}
		},
		"a11y-focus-store": {
			"version": "1.0.0",
			"resolved": "https://registry.npmjs.org/a11y-focus-store/-/a11y-focus-store-1.0.0.tgz",
			"integrity": "sha1-rlJWHLhq5sKQTBpKvy5YIL9TBbA=",
			"dev": true
		},
		"asap": {
			"version": "2.0.6",
			"resolved": "https://registry.npmjs.org/asap/-/asap-2.0.6.tgz",
			"integrity": "sha1-5QNHYR1+aQlDIIu9r+vLwvuGbUY="
		},
		"bpk-animate-height": {
			"version": "3.0.67",
			"resolved": "https://registry.npmjs.org/bpk-animate-height/-/bpk-animate-height-3.0.67.tgz",
			"integrity": "sha512-EcYNGlg8Ps0jJuDmZaXf9VdoaMms4G6J9mNngqacrP0CTPKPpBzONOzXY0v4ycI5k1YJ3hToUr8JYmbJ1BHAUg==",
			"requires": {
				"prop-types": "^15.6.2"
			}
		},
		"bpk-component-autosuggest": {
			"version": "5.0.10",
			"resolved": "https://registry.npmjs.org/bpk-component-autosuggest/-/bpk-component-autosuggest-5.0.10.tgz",
			"integrity": "sha512-LmawiZGn2U25sZjyIV9DZSz8WrTsvjONUtACexSV5IqF+qLNEgxGoLmYH//ipf6yLUBjgtx6dNUx5QoToi7zxw==",
			"dev": true,
			"requires": {
				"bpk-component-input": "^5.0.110",
				"bpk-mixins": "^20.1.22",
				"bpk-react-utils": "^3.0.11",
				"prop-types": "^15.6.2",
				"react-autosuggest": "^9.4.3"
			},
			"dependencies": {
				"bpk-mixins": {
					"version": "20.1.22",
					"resolved": "https://registry.npmjs.org/bpk-mixins/-/bpk-mixins-20.1.22.tgz",
					"integrity": "sha512-roXWjMNSRUEj9utI+8Zza40m4yZrs8rNFVOBBvcHqRN+kRa3nvewRtj+Rd1/t9P50JAnT9xXzIQBJk6PuoPffA==",
					"dev": true,
					"requires": {
						"bpk-svgs": "^12.3.4",
						"bpk-tokens": "^36.1.1"
					}
				},
				"bpk-react-utils": {
					"version": "3.0.11",
					"resolved": "https://registry.npmjs.org/bpk-react-utils/-/bpk-react-utils-3.0.11.tgz",
					"integrity": "sha512-Rs766SGBZeDIdVxBwK1EcABi6ZWEcEkF8mqTt+/KFr/bUSj/VeoIfcvdnQxLdWElqOKg/4vAhjgbjSYjqvor4g==",
					"dev": true,
					"requires": {
						"object-assign": "^4.1.1",
						"prop-types": "^15.6.2",
						"react-transition-group": "^2.5.3",
						"recompose": "^0.30.0"
					}
				}
			}
		},
		"bpk-component-breakpoint": {
			"version": "2.0.108",
			"resolved": "https://registry.npmjs.org/bpk-component-breakpoint/-/bpk-component-breakpoint-2.0.108.tgz",
			"integrity": "sha512-jiBj7+dMm9w+t7yYyfwUKu6CdZM6l/+MM/orcjMxThwPXvkpkhcxmPcJiFoPO8eqnbcrwSvnHgp3EbbHzkP33g==",
			"dev": true,
			"requires": {
				"bpk-mixins": "^20.1.22",
				"bpk-react-utils": "^3.0.11",
				"prop-types": "^15.6.2",
				"react-responsive": "^5.0.0"
			}
		},
		"bpk-component-button": {
			"version": "3.3.21",
			"resolved": "https://registry.npmjs.org/bpk-component-button/-/bpk-component-button-3.3.21.tgz",
			"integrity": "sha512-Q6HbeFybLiO8UUxra0NcGcl0O59yI4rHmP33ONkOjbA5ZHlW6q+w11zDIiYv3gGiPxmyGbxBbSg5eNnWyGuZLw==",
			"dev": true,
			"requires": {
				"bpk-mixins": "^20.1.22",
				"prop-types": "^15.6.2"
			},
			"dependencies": {
				"bpk-mixins": {
					"version": "20.1.22",
					"resolved": "https://registry.npmjs.org/bpk-mixins/-/bpk-mixins-20.1.22.tgz",
					"integrity": "sha512-roXWjMNSRUEj9utI+8Zza40m4yZrs8rNFVOBBvcHqRN+kRa3nvewRtj+Rd1/t9P50JAnT9xXzIQBJk6PuoPffA==",
					"dev": true,
					"requires": {
						"bpk-svgs": "^12.3.4",
						"bpk-tokens": "^36.1.1"
					}
				}
			}
		},
		"bpk-component-calendar": {
			"version": "7.0.68",
			"resolved": "https://registry.npmjs.org/bpk-component-calendar/-/bpk-component-calendar-7.0.68.tgz",
			"integrity": "sha512-MUkKpl06yT9eU6P72gbN/vPB0J+o1n+FE1s7pqcC34+UA8b6KeqYc/3SoAf1r/cx6QfiUpzrsw82gb4pbKpbGg==",
			"dev": true,
			"requires": {
				"bpk-component-icon": "^8.3.13",
				"bpk-component-select": "^3.0.109",
				"bpk-mixins": "^20.1.22",
				"bpk-react-utils": "^3.0.11",
				"bpk-tokens": "^36.1.1",
				"date-fns": "^1.29.0",
				"prop-types": "^15.6.2"
			}
		},
		"bpk-component-checkbox": {
			"version": "2.2.39",
			"resolved": "https://registry.npmjs.org/bpk-component-checkbox/-/bpk-component-checkbox-2.2.39.tgz",
			"integrity": "sha512-LlOdXs76AfNumxKNVm6c8pKIOJrGC8/T5qEPyr8R511zhDI6Gc9DEdd2uN12cv4A2TBcayE/sL+imArD7q7OAQ==",
			"dev": true,
			"requires": {
				"bpk-component-icon": "^8.3.13",
				"bpk-mixins": "^20.1.22",
				"bpk-react-utils": "^3.0.11",
				"prop-types": "^15.6.2"
			}
		},
		"bpk-component-close-button": {
			"version": "2.0.110",
			"resolved": "https://registry.npmjs.org/bpk-component-close-button/-/bpk-component-close-button-2.0.110.tgz",
			"integrity": "sha512-dN2J89JXosT/H4rXuNxR1me87wLpoO5zVSUBXIPQT7K97jCc0OvyRwiIw4Rz2fTqp/9ptK4tfhiL0hblWAJNbw==",
			"dev": true,
			"requires": {
				"bpk-component-icon": "^8.3.13",
				"bpk-mixins": "^20.1.22",
				"bpk-react-utils": "^3.0.11",
				"prop-types": "^15.6.2"
			}
		},
		"bpk-component-datepicker": {
			"version": "11.3.36",
			"resolved": "https://registry.npmjs.org/bpk-component-datepicker/-/bpk-component-datepicker-11.3.36.tgz",
			"integrity": "sha512-eGhi5AZka660Wr6njIqcN3DgJ6BRjrA4XWLve3XzSbg2cM6R/0frnbKtiN/gY6/vScp4t9I17KHSI6dszVI+Pw==",
			"dev": true,
			"requires": {
				"bpk-component-breakpoint": "^2.0.108",
				"bpk-component-calendar": "^7.0.68",
				"bpk-component-input": "^5.0.110",
				"bpk-component-modal": "^2.1.115",
				"bpk-component-popover": "^3.0.113",
				"bpk-mixins": "^20.1.22",
				"bpk-react-utils": "^3.0.11",
				"prop-types": "^15.6.2"
			}
		},
		"bpk-component-form-validation": {
			"version": "3.0.112",
			"resolved": "https://registry.npmjs.org/bpk-component-form-validation/-/bpk-component-form-validation-3.0.112.tgz",
			"integrity": "sha512-34gCOJ1SaXQ3P3ZtKPvHt5whcQLvS6NbbSXCFM8SRypKm1WErf2mmGjC4gDt6jlh+iOvbHYpSMVLAmv21GtXWQ==",
			"requires": {
				"bpk-animate-height": "^3.0.67",
				"bpk-mixins": "^20.1.22",
				"bpk-react-utils": "^3.0.11",
				"prop-types": "^15.6.2"
			}
		},
		"bpk-component-icon": {
			"version": "8.3.13",
			"resolved": "https://registry.npmjs.org/bpk-component-icon/-/bpk-component-icon-8.3.13.tgz",
			"integrity": "sha512-g+d4eMK0W55ifn5qwqwJmwpE6/tw7DhdLwWGVbFjZoQ9JqqEdqN56CqpVjHV3Qe7tUeyMbhOYpZA0aQP6vXQ0g==",
			"dev": true,
			"requires": {
				"bpk-mixins": "^20.1.22",
				"bpk-react-utils": "^3.0.11",
				"bpk-svgs": "^12.3.4",
				"bpk-tokens": "^36.1.1",
				"prop-types": "^15.6.2"
			},
			"dependencies": {
				"bpk-mixins": {
					"version": "20.1.22",
					"resolved": "https://registry.npmjs.org/bpk-mixins/-/bpk-mixins-20.1.22.tgz",
					"integrity": "sha512-roXWjMNSRUEj9utI+8Zza40m4yZrs8rNFVOBBvcHqRN+kRa3nvewRtj+Rd1/t9P50JAnT9xXzIQBJk6PuoPffA==",
					"dev": true,
					"requires": {
						"bpk-svgs": "^12.3.4",
						"bpk-tokens": "^36.1.1"
					}
				},
				"bpk-react-utils": {
					"version": "3.0.11",
					"resolved": "https://registry.npmjs.org/bpk-react-utils/-/bpk-react-utils-3.0.11.tgz",
					"integrity": "sha512-Rs766SGBZeDIdVxBwK1EcABi6ZWEcEkF8mqTt+/KFr/bUSj/VeoIfcvdnQxLdWElqOKg/4vAhjgbjSYjqvor4g==",
					"dev": true,
					"requires": {
						"object-assign": "^4.1.1",
						"prop-types": "^15.6.2",
						"react-transition-group": "^2.5.3",
						"recompose": "^0.30.0"
					}
				}
			}
		},
		"bpk-component-input": {
			"version": "5.0.110",
			"resolved": "https://registry.npmjs.org/bpk-component-input/-/bpk-component-input-5.0.110.tgz",
			"integrity": "sha512-suFtI4HYjgXg1q79cULvNgZPjDQvsYNJ2xBdoFogC0y/5u4nwqq7eTE/m8LaAndc+UTF+7xtzkFdqH/PYiIEtA==",
			"dev": true,
			"requires": {
				"bpk-component-icon": "^8.3.13",
				"bpk-mixins": "^20.1.22",
				"bpk-react-utils": "^3.0.11",
				"prop-types": "^15.6.2"
			},
			"dependencies": {
				"bpk-mixins": {
					"version": "20.1.22",
					"resolved": "https://registry.npmjs.org/bpk-mixins/-/bpk-mixins-20.1.22.tgz",
					"integrity": "sha512-roXWjMNSRUEj9utI+8Zza40m4yZrs8rNFVOBBvcHqRN+kRa3nvewRtj+Rd1/t9P50JAnT9xXzIQBJk6PuoPffA==",
					"dev": true,
					"requires": {
						"bpk-svgs": "^12.3.4",
						"bpk-tokens": "^36.1.1"
					}
				},
				"bpk-react-utils": {
					"version": "3.0.11",
					"resolved": "https://registry.npmjs.org/bpk-react-utils/-/bpk-react-utils-3.0.11.tgz",
					"integrity": "sha512-Rs766SGBZeDIdVxBwK1EcABi6ZWEcEkF8mqTt+/KFr/bUSj/VeoIfcvdnQxLdWElqOKg/4vAhjgbjSYjqvor4g==",
					"dev": true,
					"requires": {
						"object-assign": "^4.1.1",
						"prop-types": "^15.6.2",
						"react-transition-group": "^2.5.3",
						"recompose": "^0.30.0"
					}
				}
			}
		},
		"bpk-component-label": {
			"version": "4.0.106",
			"resolved": "https://registry.npmjs.org/bpk-component-label/-/bpk-component-label-4.0.106.tgz",
			"integrity": "sha512-wiyid/0OUReP55JYYo/tLFMGmEPRO6VAmJMP+EmFpc7Z5Sq85Px11xrBlqRFLRIV0cLPQpbwaGni2s6WhofhZg==",
			"requires": {
				"bpk-mixins": "^20.1.22",
				"bpk-react-utils": "^3.0.11",
				"prop-types": "^15.6.2"
			}
		},
		"bpk-component-link": {
			"version": "2.1.38",
			"resolved": "https://registry.npmjs.org/bpk-component-link/-/bpk-component-link-2.1.38.tgz",
			"integrity": "sha512-F2N9Zo/GMIHs2rC9BfpOcJZ6qQ0aP8hUDvjShaJWJLhPkQTsHZambu+l8ras6mHjyUuAIP8sp2+/42nmgPHlZw==",
			"dev": true,
			"requires": {
				"bpk-mixins": "^20.1.22",
				"bpk-react-utils": "^3.0.11",
				"prop-types": "^15.6.2"
			}
		},
		"bpk-component-modal": {
			"version": "2.1.115",
			"resolved": "https://registry.npmjs.org/bpk-component-modal/-/bpk-component-modal-2.1.115.tgz",
			"integrity": "sha512-IayelAeZjTTMgTgcWtL7pixtR9WOTigFAHxwq6oMynF7cl0fWkxPWfHvQR5TmUbL643PsTubOIcNqHa+l6uewQ==",
			"dev": true,
			"requires": {
				"bpk-component-close-button": "^2.0.110",
				"bpk-component-icon": "^8.3.13",
				"bpk-component-link": "^2.1.38",
				"bpk-component-navigation-bar": "^2.2.73",
				"bpk-mixins": "^20.1.22",
				"bpk-react-utils": "^3.0.11",
				"bpk-scrim-utils": "^4.0.105",
				"prop-types": "^15.6.2"
			}
		},
		"bpk-component-navigation-bar": {
			"version": "2.2.73",
			"resolved": "https://registry.npmjs.org/bpk-component-navigation-bar/-/bpk-component-navigation-bar-2.2.73.tgz",
			"integrity": "sha512-3J7WUUy8TyIyn+S43tP6aJITt2p9KJSOrWFSzm8zEt0APz6oVuBDFKP8U8AgekLLE0YVzEkfrbAG3LVuYdmHlQ==",
			"dev": true,
			"requires": {
				"bpk-component-close-button": "^2.0.110",
				"bpk-component-link": "^2.1.38",
				"bpk-component-text": "^3.1.40",
				"bpk-mixins": "^20.1.22",
				"bpk-react-utils": "^3.0.11",
				"prop-types": "^15.6.2"
			}
		},
		"bpk-component-popover": {
			"version": "3.0.113",
			"resolved": "https://registry.npmjs.org/bpk-component-popover/-/bpk-component-popover-3.0.113.tgz",
			"integrity": "sha512-F8L7pAXmH03UjPU2zIwUYsSpTGZI/GzBzDT1k4vuvsKDGph6zoers2VcV0YJWR1XC11sXxU6OZNMs5zltM+vkA==",
			"dev": true,
			"requires": {
				"@skyscanner/popper.js": "^1.12.9-beta.1",
				"a11y-focus-scope": "^1.1.3",
				"a11y-focus-store": "^1.0.0",
				"bpk-component-close-button": "^2.0.110",
				"bpk-component-link": "^2.1.38",
				"bpk-component-text": "^3.1.40",
				"bpk-mixins": "^20.1.22",
				"bpk-react-utils": "^3.0.11",
				"prop-types": "^15.7.2"
			},
			"dependencies": {
				"prop-types": {
					"version": "15.7.2",
					"resolved": "https://registry.npmjs.org/prop-types/-/prop-types-15.7.2.tgz",
					"integrity": "sha512-8QQikdH7//R2vurIJSutZ1smHYTcLpRWEOlHnzcWHmBYrOGUysKwSsrC89BCiFj3CbrfJ/nXFdJepOVrY1GCHQ==",
					"dev": true,
					"requires": {
						"loose-envify": "^1.4.0",
						"object-assign": "^4.1.1",
						"react-is": "^16.8.1"
					}
				}
			}
		},
		"bpk-component-select": {
			"version": "3.0.109",
			"resolved": "https://registry.npmjs.org/bpk-component-select/-/bpk-component-select-3.0.109.tgz",
			"integrity": "sha512-ewddu6fyTUNL+lFFGRKv5CNH3h269CBcN4vC1w/i899CCYgwFBO6eR4Eo69rDZe4ylmLDF1kFVFSyIbPxgVuVg==",
			"dev": true,
			"requires": {
				"bpk-mixins": "^20.1.22",
				"bpk-react-utils": "^3.0.11",
				"prop-types": "^15.6.2"
			}
		},
		"bpk-component-text": {
			"version": "3.1.40",
			"resolved": "https://registry.npmjs.org/bpk-component-text/-/bpk-component-text-3.1.40.tgz",
			"integrity": "sha512-VTOpniJqzkIdbMoNMX1RKkst5EJGdZeBgdBFdjkvd3/FxfQVSvEJGJqCQKmRjSs+7c7a3niyCgC0fx0uGbbmEw==",
			"dev": true,
			"requires": {
				"bpk-mixins": "^20.1.22",
				"bpk-react-utils": "^3.0.11",
				"prop-types": "^15.6.2"
			}
		},
		"bpk-component-textarea": {
			"version": "2.0.109",
			"resolved": "https://registry.npmjs.org/bpk-component-textarea/-/bpk-component-textarea-2.0.109.tgz",
			"integrity": "sha512-E1bpA1zYGgdI3wBSTsPIx2THEuE5xDlwVxphdIwhCuixoYljSIzzNIQbKWU1dTzAwLi1dKeI5FhUIBEunhrCSg==",
			"dev": true,
			"requires": {
				"bpk-mixins": "^20.1.22",
				"bpk-react-utils": "^3.0.11",
				"prop-types": "^15.6.2"
			},
			"dependencies": {
				"bpk-mixins": {
					"version": "20.1.22",
					"resolved": "https://registry.npmjs.org/bpk-mixins/-/bpk-mixins-20.1.22.tgz",
					"integrity": "sha512-roXWjMNSRUEj9utI+8Zza40m4yZrs8rNFVOBBvcHqRN+kRa3nvewRtj+Rd1/t9P50JAnT9xXzIQBJk6PuoPffA==",
					"dev": true,
					"requires": {
						"bpk-svgs": "^12.3.4",
						"bpk-tokens": "^36.1.1"
					}
				},
				"bpk-react-utils": {
					"version": "3.0.11",
					"resolved": "https://registry.npmjs.org/bpk-react-utils/-/bpk-react-utils-3.0.11.tgz",
					"integrity": "sha512-Rs766SGBZeDIdVxBwK1EcABi6ZWEcEkF8mqTt+/KFr/bUSj/VeoIfcvdnQxLdWElqOKg/4vAhjgbjSYjqvor4g==",
					"dev": true,
					"requires": {
						"object-assign": "^4.1.1",
						"prop-types": "^15.6.2",
						"react-transition-group": "^2.5.3",
						"recompose": "^0.30.0"
					}
				}
			}
		},
		"bpk-mixins": {
			"version": "20.1.22",
			"resolved": "https://registry.npmjs.org/bpk-mixins/-/bpk-mixins-20.1.22.tgz",
			"integrity": "sha512-roXWjMNSRUEj9utI+8Zza40m4yZrs8rNFVOBBvcHqRN+kRa3nvewRtj+Rd1/t9P50JAnT9xXzIQBJk6PuoPffA==",
			"requires": {
				"bpk-svgs": "^12.3.4",
				"bpk-tokens": "^36.1.1"
			}
		},
		"bpk-react-utils": {
			"version": "3.0.11",
			"resolved": "https://registry.npmjs.org/bpk-react-utils/-/bpk-react-utils-3.0.11.tgz",
			"integrity": "sha512-Rs766SGBZeDIdVxBwK1EcABi6ZWEcEkF8mqTt+/KFr/bUSj/VeoIfcvdnQxLdWElqOKg/4vAhjgbjSYjqvor4g==",
			"requires": {
				"object-assign": "^4.1.1",
				"prop-types": "^15.6.2",
				"react-transition-group": "^2.5.3",
				"recompose": "^0.30.0"
			}
		},
		"bpk-scrim-utils": {
			"version": "4.0.105",
			"resolved": "https://registry.npmjs.org/bpk-scrim-utils/-/bpk-scrim-utils-4.0.105.tgz",
			"integrity": "sha512-ojG909BWdZ38sfVbP+GOJnfPSiRrQniXNbaL1aWVFayUBoIUuIyNHwv0cxiB7R4xTe1uK/AeaC+QwfN/JFbl0g==",
			"dev": true,
			"requires": {
				"a11y-focus-scope": "^1.1.3",
				"a11y-focus-store": "^1.0.0",
				"bpk-mixins": "^20.1.22",
				"bpk-react-utils": "^3.0.11"
			}
		},
		"bpk-svgs": {
			"version": "12.3.4",
			"resolved": "https://registry.npmjs.org/bpk-svgs/-/bpk-svgs-12.3.4.tgz",
			"integrity": "sha512-crdb64jGsoK03tFSzKY3blb/4BuiDnfCSt8gG/9mKeqVgp0TEWABal18AN9LZr2n2aScPV7jSyeZlN7k58+vNw=="
		},
		"bpk-tokens": {
			"version": "36.1.1",
			"resolved": "https://registry.npmjs.org/bpk-tokens/-/bpk-tokens-36.1.1.tgz",
			"integrity": "sha512-80Sk96GS6VjVmahIxkc6rzp8VFfSdy/WipU3pKin+zCeDqKNTb+ZdNT3TkPnm8Urfx4ILdIM72bX+Mwiok7TqA==",
			"requires": {
				"color": "^3.0.0"
			}
		},
		"change-emitter": {
			"version": "0.1.6",
			"resolved": "https://registry.npmjs.org/change-emitter/-/change-emitter-0.1.6.tgz",
			"integrity": "sha1-6LL+PX8at9aaMhma/5HqaTFAlRU="
		},
		"color": {
			"version": "3.1.3",
			"resolved": "https://registry.npmjs.org/color/-/color-3.1.3.tgz",
			"integrity": "sha512-xgXAcTHa2HeFCGLE9Xs/R82hujGtu9Jd9x4NW3T34+OMs7VoPsjwzRczKHvTAHeJwWFwX5j15+MgAppE8ztObQ==",
			"requires": {
				"color-convert": "^1.9.1",
				"color-string": "^1.5.4"
			}
		},
		"color-convert": {
			"version": "1.9.3",
			"resolved": "https://registry.npmjs.org/color-convert/-/color-convert-1.9.3.tgz",
			"integrity": "sha512-QfAUtd+vFdAtFQcC8CCyYt1fYWxSqAiK2cSD6zDB8N3cpsEBAvRxp9zOGg6G/SHHJYAT88/az/IuDGALsNVbGg==",
			"requires": {
				"color-name": "1.1.3"
			}
		},
		"color-name": {
			"version": "1.1.3",
			"resolved": "https://registry.npmjs.org/color-name/-/color-name-1.1.3.tgz",
			"integrity": "sha1-p9BVi9icQveV3UIyj3QIMcpTvCU="
		},
		"color-string": {
			"version": "1.5.4",
			"resolved": "https://registry.npmjs.org/color-string/-/color-string-1.5.4.tgz",
			"integrity": "sha512-57yF5yt8Xa3czSEW1jfQDE79Idk0+AkN/4KWad6tbdxUmAs3MvjxlWSWD4deYytcRfoZ9nhKyFl1kj5tBvidbw==",
			"requires": {
				"color-name": "^1.0.0",
				"simple-swizzle": "^0.2.2"
			}
		},
		"core-js": {
			"version": "1.2.7",
			"resolved": "https://registry.npmjs.org/core-js/-/core-js-1.2.7.tgz",
			"integrity": "sha1-ZSKUwUZR2yj6k70tX/KYOk8IxjY="
		},
		"css-mediaquery": {
			"version": "0.1.2",
			"resolved": "https://registry.npmjs.org/css-mediaquery/-/css-mediaquery-0.1.2.tgz",
			"integrity": "sha1-aiw3NEkoYYYxxUvTPO3TAdoYvqA=",
			"dev": true
		},
		"date-fns": {
			"version": "1.30.1",
			"resolved": "https://registry.npmjs.org/date-fns/-/date-fns-1.30.1.tgz",
			"integrity": "sha512-hBSVCvSmWC+QypYObzwGOd9wqdDpOt+0wl0KbU+R+uuZBS1jN8VsD1ss3irQDknRj5NvxiTF6oj/nDRnN/UQNw==",
			"dev": true
		},
		"dom-helpers": {
			"version": "3.4.0",
			"resolved": "https://registry.npmjs.org/dom-helpers/-/dom-helpers-3.4.0.tgz",
			"integrity": "sha512-LnuPJ+dwqKDIyotW1VzmOZ5TONUN7CwkCR5hrgawTUbkBGYdeoNLZo6nNfGkCrjtE1nXXaj7iMMpDa8/d9WoIA==",
			"requires": {
				"@babel/runtime": "^7.1.2"
			}
		},
		"encoding": {
			"version": "0.1.13",
			"resolved": "https://registry.npmjs.org/encoding/-/encoding-0.1.13.tgz",
			"integrity": "sha512-ETBauow1T35Y/WZMkio9jiM0Z5xjHHmJ4XmjZOq1l/dXz3lr2sRn87nJy20RupqSh1F2m3HHPSp8ShIPQJrJ3A==",
			"requires": {
				"iconv-lite": "^0.6.2"
			}
		},
		"fbjs": {
			"version": "0.8.17",
			"resolved": "https://registry.npmjs.org/fbjs/-/fbjs-0.8.17.tgz",
			"integrity": "sha1-xNWY6taUkRJlPWWIsBpc3Nn5D90=",
			"requires": {
				"core-js": "^1.0.0",
				"isomorphic-fetch": "^2.1.1",
				"loose-envify": "^1.0.0",
				"object-assign": "^4.1.0",
				"promise": "^7.1.1",
				"setimmediate": "^1.0.5",
				"ua-parser-js": "^0.7.18"
			}
		},
		"focusin": {
			"version": "2.0.0",
			"resolved": "https://registry.npmjs.org/focusin/-/focusin-2.0.0.tgz",
			"integrity": "sha1-WMARgN+xlJ8D493u4GNzn8M7b/w=",
			"dev": true
		},
		"hoist-non-react-statics": {
			"version": "2.5.5",
			"resolved": "https://registry.npmjs.org/hoist-non-react-statics/-/hoist-non-react-statics-2.5.5.tgz",
			"integrity": "sha512-rqcy4pJo55FTTLWt+bU8ukscqHeE/e9KWvsOW2b/a3afxQZhwkQdT1rPPCJ0rYXdj4vNcasY8zHTH+jF/qStxw=="
		},
		"hyphenate-style-name": {
			"version": "1.0.4",
			"resolved": "https://registry.npmjs.org/hyphenate-style-name/-/hyphenate-style-name-1.0.4.tgz",
			"integrity": "sha512-ygGZLjmXfPHj+ZWh6LwbC37l43MhfztxetbFCoYTM2VjkIUpeHgSNn7QIyVFj7YQ1Wl9Cbw5sholVJPzWvC2MQ==",
			"dev": true
		},
		"iconv-lite": {
			"version": "0.6.2",
			"resolved": "https://registry.npmjs.org/iconv-lite/-/iconv-lite-0.6.2.tgz",
			"integrity": "sha512-2y91h5OpQlolefMPmUlivelittSWy0rP+oYVpn6A7GwVHNE8AWzoYOBNmlwks3LobaJxgHCYZAnyNo2GgpNRNQ==",
			"requires": {
				"safer-buffer": ">= 2.1.2 < 3.0.0"
			}
		},
		"is-arrayish": {
			"version": "0.3.2",
			"resolved": "https://registry.npmjs.org/is-arrayish/-/is-arrayish-0.3.2.tgz",
			"integrity": "sha512-eVRqCvVlZbuw3GrM63ovNSNAeA1K16kaR/LRY/92w0zxQ5/1YzwblUX652i4Xs9RwAGjW9d9y6X88t8OaAJfWQ=="
		},
		"is-stream": {
			"version": "1.1.0",
			"resolved": "https://registry.npmjs.org/is-stream/-/is-stream-1.1.0.tgz",
			"integrity": "sha1-EtSj3U5o4Lec6428hBc66A2RykQ="
		},
		"isomorphic-fetch": {
			"version": "2.2.1",
			"resolved": "https://registry.npmjs.org/isomorphic-fetch/-/isomorphic-fetch-2.2.1.tgz",
			"integrity": "sha1-YRrhrPFPXoH3KVB0coGf6XM1WKk=",
			"requires": {
				"node-fetch": "^1.0.1",
				"whatwg-fetch": ">=0.10.0"
			}
		},
		"js-tokens": {
			"version": "4.0.0",
			"resolved": "https://registry.npmjs.org/js-tokens/-/js-tokens-4.0.0.tgz",
			"integrity": "sha512-RdJUflcE3cUzKiMqQgsCu06FPu9UdIJO0beYbPhHN4k6apgJtifcoCtT9bcxOpYBtpD2kCM6Sbzg4CausW/PKQ=="
		},
		"loose-envify": {
			"version": "1.4.0",
			"resolved": "https://registry.npmjs.org/loose-envify/-/loose-envify-1.4.0.tgz",
			"integrity": "sha512-lyuxPGr/Wfhrlem2CL/UcnUc1zcqKAImBDzukY7Y5F/yQiNdko6+fRLevlw1HgMySw7f611UIY408EtxRSoK3Q==",
			"requires": {
				"js-tokens": "^3.0.0 || ^4.0.0"
			}
		},
		"matchmediaquery": {
			"version": "0.3.1",
			"resolved": "https://registry.npmjs.org/matchmediaquery/-/matchmediaquery-0.3.1.tgz",
			"integrity": "sha512-Hlk20WQHRIm9EE9luN1kjRjYXAQToHOIAHPJn9buxBwuhfTHoKUcX+lXBbxc85DVQfXYbEQ4HcwQdd128E3qHQ==",
			"dev": true,
			"requires": {
				"css-mediaquery": "^0.1.2"
			}
		},
		"node-fetch": {
			"version": "1.7.3",
			"resolved": "https://registry.npmjs.org/node-fetch/-/node-fetch-1.7.3.tgz",
			"integrity": "sha512-NhZ4CsKx7cYm2vSrBAr2PvFOe6sWDf0UYLRqA6svUYg7+/TSfVAu49jYC4BvQ4Sms9SZgdqGBgroqfDhJdTyKQ==",
			"requires": {
				"encoding": "^0.1.11",
				"is-stream": "^1.0.1"
			}
		},
		"object-assign": {
			"version": "4.1.1",
			"resolved": "https://registry.npmjs.org/object-assign/-/object-assign-4.1.1.tgz",
			"integrity": "sha1-IQmtx5ZYh8/AXLvUQsrIv7s2CGM="
		},
		"promise": {
			"version": "7.3.1",
			"resolved": "https://registry.npmjs.org/promise/-/promise-7.3.1.tgz",
			"integrity": "sha512-nolQXZ/4L+bP/UGlkfaIujX9BKxGwmQ9OT4mOt5yvy8iK1h3wqTEJCijzGANTCCl9nWjY41juyAn2K3Q1hLLTg==",
			"requires": {
				"asap": "~2.0.3"
			}
		},
		"prop-types": {
			"version": "15.6.2",
			"resolved": "https://registry.npmjs.org/prop-types/-/prop-types-15.6.2.tgz",
			"integrity": "sha512-3pboPvLiWD7dkI3qf3KbUe6hKFKa52w+AE0VCqECtf+QHAKgOL37tTaNCnuX1nAAQ4ZhyP+kYVKf8rLmJ/feDQ==",
			"requires": {
				"loose-envify": "^1.3.1",
				"object-assign": "^4.1.1"
			}
		},
		"react-autosuggest": {
			"version": "9.4.3",
			"resolved": "https://registry.npmjs.org/react-autosuggest/-/react-autosuggest-9.4.3.tgz",
			"integrity": "sha512-wFbp5QpgFQRfw9cwKvcgLR8theikOUkv8PFsuLYqI2PUgVlx186Cz8MYt5bLxculi+jxGGUUVt+h0esaBZZouw==",
			"dev": true,
			"requires": {
				"prop-types": "^15.5.10",
				"react-autowhatever": "^10.1.2",
				"shallow-equal": "^1.0.0"
			}
		},
		"react-autowhatever": {
			"version": "10.2.1",
			"resolved": "https://registry.npmjs.org/react-autowhatever/-/react-autowhatever-10.2.1.tgz",
			"integrity": "sha512-5gQyoETyBH6GmuW1N1J81CuoAV+Djeg66DEo03xiZOl3WOwJHBP5LisKUvCGOakjrXU4M3hcIvCIqMBYGUmqOA==",
			"dev": true,
			"requires": {
				"prop-types": "^15.5.8",
				"react-themeable": "^1.1.0",
				"section-iterator": "^2.0.0"
			}
		},
		"react-is": {
			"version": "16.13.1",
			"resolved": "https://registry.npmjs.org/react-is/-/react-is-16.13.1.tgz",
			"integrity": "sha512-24e6ynE2H+OKt4kqsOvNd8kBpV65zoxbA4BVsEOB3ARVWQki/DHzaUoC5KuON/BiccDaCCTZBuOcfZs70kR8bQ==",
			"dev": true
		},
		"react-lifecycles-compat": {
			"version": "3.0.4",
			"resolved": "https://registry.npmjs.org/react-lifecycles-compat/-/react-lifecycles-compat-3.0.4.tgz",
			"integrity": "sha512-fBASbA6LnOU9dOU2eW7aQ8xmYBSXUIWr+UmF9b1efZBazGNO+rcXT/icdKnYm2pTwcRylVUYwW7H1PHfLekVzA=="
		},
		"react-responsive": {
			"version": "5.0.0",
			"resolved": "https://registry.npmjs.org/react-responsive/-/react-responsive-5.0.0.tgz",
			"integrity": "sha512-oEimZ0FTCC3/pjGDEBHOz06nWbBNDIbMGOdRYp6K9SBUmrqgNAX77hTiqvmRQeLyI97zz4F4kiaFRxFspDxE+w==",
			"dev": true,
			"requires": {
				"hyphenate-style-name": "^1.0.0",
				"matchmediaquery": "^0.3.0",
				"prop-types": "^15.6.1"
			}
		},
		"react-themeable": {
			"version": "1.1.0",
			"resolved": "https://registry.npmjs.org/react-themeable/-/react-themeable-1.1.0.tgz",
			"integrity": "sha1-fURm3ZsrX6dQWHJ4JenxUro3mg4=",
			"dev": true,
			"requires": {
				"object-assign": "^3.0.0"
			},
			"dependencies": {
				"object-assign": {
					"version": "3.0.0",
					"resolved": "https://registry.npmjs.org/object-assign/-/object-assign-3.0.0.tgz",
					"integrity": "sha1-m+3VygiXlJvKR+f/QIBi1Un1h/I=",
					"dev": true
				}
			}
		},
		"react-transition-group": {
			"version": "2.9.0",
			"resolved": "https://registry.npmjs.org/react-transition-group/-/react-transition-group-2.9.0.tgz",
			"integrity": "sha512-+HzNTCHpeQyl4MJ/bdE0u6XRMe9+XG/+aL4mCxVN4DnPBQ0/5bfHWPDuOZUzYdMj94daZaZdCCc1Dzt9R/xSSg==",
			"requires": {
				"dom-helpers": "^3.4.0",
				"loose-envify": "^1.4.0",
				"prop-types": "^15.6.2",
				"react-lifecycles-compat": "^3.0.4"
			}
		},
		"recompose": {
			"version": "0.30.0",
			"resolved": "https://registry.npmjs.org/recompose/-/recompose-0.30.0.tgz",
			"integrity": "sha512-ZTrzzUDa9AqUIhRk4KmVFihH0rapdCSMFXjhHbNrjAWxBuUD/guYlyysMnuHjlZC/KRiOKRtB4jf96yYSkKE8w==",
			"requires": {
				"@babel/runtime": "^7.0.0",
				"change-emitter": "^0.1.2",
				"fbjs": "^0.8.1",
				"hoist-non-react-statics": "^2.3.1",
				"react-lifecycles-compat": "^3.0.2",
				"symbol-observable": "^1.0.4"
			}
		},
		"regenerator-runtime": {
			"version": "0.13.7",
			"resolved": "https://registry.npmjs.org/regenerator-runtime/-/regenerator-runtime-0.13.7.tgz",
			"integrity": "sha512-a54FxoJDIr27pgf7IgeQGxmqUNYrcV338lf/6gH456HZ/PhX+5BcwHXG9ajESmwe6WRO0tAzRUrRmNONWgkrew=="
		},
		"safer-buffer": {
			"version": "2.1.2",
			"resolved": "https://registry.npmjs.org/safer-buffer/-/safer-buffer-2.1.2.tgz",
			"integrity": "sha512-YZo3K82SD7Riyi0E1EQPojLz7kpepnSQI9IyPbHHg1XXXevb5dJI7tpyN2ADxGcQbHG7vcyRHk0cbwqcQriUtg=="
		},
		"section-iterator": {
			"version": "2.0.0",
			"resolved": "https://registry.npmjs.org/section-iterator/-/section-iterator-2.0.0.tgz",
			"integrity": "sha1-v0RNev7rlK1Dw5rS+yYVFifMuio=",
			"dev": true
		},
		"setimmediate": {
			"version": "1.0.5",
			"resolved": "https://registry.npmjs.org/setimmediate/-/setimmediate-1.0.5.tgz",
			"integrity": "sha1-KQy7Iy4waULX1+qbg3Mqt4VvgoU="
		},
		"shallow-equal": {
			"version": "1.2.1",
			"resolved": "https://registry.npmjs.org/shallow-equal/-/shallow-equal-1.2.1.tgz",
			"integrity": "sha512-S4vJDjHHMBaiZuT9NPb616CSmLf618jawtv3sufLl6ivK8WocjAo58cXwbRV1cgqxH0Qbv+iUt6m05eqEa2IRA==",
			"dev": true
		},
		"simple-swizzle": {
			"version": "0.2.2",
			"resolved": "https://registry.npmjs.org/simple-swizzle/-/simple-swizzle-0.2.2.tgz",
			"integrity": "sha1-pNprY1/8zMoz9w0Xy5JZLeleVXo=",
			"requires": {
				"is-arrayish": "^0.3.1"
			}
		},
		"symbol-observable": {
			"version": "1.2.0",
			"resolved": "https://registry.npmjs.org/symbol-observable/-/symbol-observable-1.2.0.tgz",
			"integrity": "sha512-e900nM8RRtGhlV36KGEU9k65K3mPb1WV70OdjfxlG2EAuM1noi/E/BaW/uMhL7bPEssK8QV57vN3esixjUvcXQ=="
		},
		"tabbable": {
			"version": "1.1.3",
			"resolved": "https://registry.npmjs.org/tabbable/-/tabbable-1.1.3.tgz",
			"integrity": "sha512-nOWwx35/JuDI4ONuF0ZTo6lYvI0fY0tZCH1ErzY2EXfu4az50ZyiUX8X073FLiZtmWUVlkRnuXsehjJgCw9tYg==",
			"dev": true
		},
		"ua-parser-js": {
			"version": "0.7.24",
			"resolved": "https://registry.npmjs.org/ua-parser-js/-/ua-parser-js-0.7.24.tgz",
			"integrity": "sha512-yo+miGzQx5gakzVK3QFfN0/L9uVhosXBBO7qmnk7c2iw1IhL212wfA3zbnI54B0obGwC/5NWub/iT9sReMx+Fw=="
		},
		"whatwg-fetch": {
			"version": "3.6.2",
			"resolved": "https://registry.npmjs.org/whatwg-fetch/-/whatwg-fetch-3.6.2.tgz",
			"integrity": "sha512-bJlen0FcuU/0EMLrdbJ7zOnW6ITZLrZMIarMUVmdKtsGvZna8vxKYaexICWPfZ8qwf9fzNq+UEIZrnSaApt6RA=="
		}
	}
}
