{
	"name": "bpk-scrim-utils",
	"version": "6.0.6",
	"lockfileVersion": 1,
	"requires": true,
	"dependencies": {
		"@skyscanner/bpk-foundations-common": {
			"version": "3.1.2",
			"resolved": "https://registry.npmjs.org/@skyscanner/bpk-foundations-common/-/bpk-foundations-common-3.1.2.tgz",
			"integrity": "sha512-ulPOABaKuY19OEnjxfVaM6PTzQt1xPK23+ze3ztkZYxzeKFm8SYMYMBtUWYYXr09JUbBDTtcqJAvUOQA/yho/g==",
			"requires": {
				"color": "^3.0.0"
			}
		},
		"@skyscanner/bpk-foundations-web": {
			"version": "9.6.0",
			"resolved": "https://registry.npmjs.org/@skyscanner/bpk-foundations-web/-/bpk-foundations-web-9.6.0.tgz",
			"integrity": "sha512-TCtG1QP2XQwyx0Mvmab8KNtKhZwy63s2PR4+TqzEpYjaJDOBiTKA2T4BcBYonTohaxH0Evo7rSbYwU+3Qz//Kg==",
			"requires": {
				"@skyscanner/bpk-foundations-common": "^3.1.2",
				"color": "^3.0.0"
			}
		},
		"@skyscanner/bpk-svgs": {
			"version": "14.5.3",
			"resolved": "https://registry.npmjs.org/@skyscanner/bpk-svgs/-/bpk-svgs-14.5.3.tgz",
			"integrity": "sha512-Z1HGCcVPoHfcKvIim4Ajq4PldqUHvLukLVW8vgVJdxSCbuuoYt4azVz/QsSMaM5AD8uWac8n/eM/4O1Si8Hbqw=="
		},
		"a11y-focus-scope": {
			"version": "1.1.3",
			"resolved": "https://registry.npmjs.org/a11y-focus-scope/-/a11y-focus-scope-1.1.3.tgz",
			"integrity": "sha512-eamxTyss68gc75yg40RUe25Wr4R8J3h55fizjgG5fbTlFIWve3mcUMBask3CnxFTvnd7w+3x0UrgAq35BCWb8A==",
			"requires": {
				"focusin": "^2.0.0",
				"tabbable": "^1.0.0"
			}
		},
		"a11y-focus-store": {
			"version": "1.0.0",
			"resolved": "https://registry.npmjs.org/a11y-focus-store/-/a11y-focus-store-1.0.0.tgz",
			"integrity": "sha512-N07kBzfvJuQrYFck3C+N7QFrzqaIZB+gVcm9apVGAjDHfaMkPjgex6EpRRz12mGps898Og5AYycH2xDdbbuaLg=="
		},
		"bpk-mixins": {
			"version": "31.7.0",
			"resolved": "https://registry.npmjs.org/bpk-mixins/-/bpk-mixins-31.7.0.tgz",
			"integrity": "sha512-/+bH7lyfPB1nCeFcWShk1q747W1AQyBGhVl8bVl6RlZuHC70T3sI2QvZWfIgBbvSXl9xwrEb3O93c3JKfeBFbw==",
			"requires": {
				"@skyscanner/bpk-foundations-web": "^9.6.0",
				"@skyscanner/bpk-svgs": "^14.5.3"
			}
		},
		"color": {
			"version": "3.2.1",
			"resolved": "https://registry.npmjs.org/color/-/color-3.2.1.tgz",
			"integrity": "sha512-aBl7dZI9ENN6fUGC7mWpMTPNHmWUSNan9tuWN6ahh5ZLNk9baLJOnSMlrQkHcrfFgz2/RigjUVAjdx36VcemKA==",
			"requires": {
				"color-convert": "^1.9.3",
				"color-string": "^1.6.0"
			}
		},
		"color-convert": {
			"version": "1.9.3",
			"resolved": "https://registry.npmjs.org/color-convert/-/color-convert-1.9.3.tgz",
			"integrity": "sha512-QfAUtd+vFdAtFQcC8CCyYt1fYWxSqAiK2cSD6zDB8N3cpsEBAvRxp9zOGg6G/SHHJYAT88/az/IuDGALsNVbGg==",
			"requires": {
				"color-name": "1.1.3"
			}
		},
		"color-name": {
			"version": "1.1.3",
			"resolved": "https://registry.npmjs.org/color-name/-/color-name-1.1.3.tgz",
			"integrity": "sha512-72fSenhMw2HZMTVHeCA9KCmpEIbzWiQsjN+BHcBbS9vr1mtt+vJjPdksIBNUmKAW8TFUDPJK5SUU3QhE9NEXDw=="
		},
		"color-string": {
			"version": "1.9.1",
			"resolved": "https://registry.npmjs.org/color-string/-/color-string-1.9.1.tgz",
			"integrity": "sha512-shrVawQFojnZv6xM40anx4CkoDP+fZsw/ZerEMsW/pyzsRbElpsL/DBVW7q3ExxwusdNXI3lXpuhEZkzs8p5Eg==",
			"requires": {
				"color-name": "^1.0.0",
				"simple-swizzle": "^0.2.2"
			}
		},
		"focusin": {
			"version": "2.0.0",
			"resolved": "https://registry.npmjs.org/focusin/-/focusin-2.0.0.tgz",
			"integrity": "sha512-yChGflLcqxiImpR1ibm59DjM7YCsyKIFszlmftLy+RNzYrXqiiPCMNtnEaj4DbD0oFj4fp8Jj7GLHYf1JWDvOg=="
		},
		"simple-swizzle": {
			"version": "0.2.2",
			"resolved": "https://registry.npmjs.org/simple-swizzle/-/simple-swizzle-0.2.2.tgz",
			"integrity": "sha512-JA//kQgZtbuY83m+xT+tXJkmJncGMTFT+C+g2h2R9uxkYIrE2yy9sgmcLhCnw57/WSD+Eh3J97FPEDFnbXnDUg==",
			"requires": {
				"is-arrayish": "^0.3.1"
			},
			"dependencies": {
				"is-arrayish": {
					"version": "0.3.2",
					"resolved": "https://registry.npmjs.org/is-arrayish/-/is-arrayish-0.3.2.tgz",
					"integrity": "sha512-eVRqCvVlZbuw3GrM63ovNSNAeA1K16kaR/LRY/92w0zxQ5/1YzwblUX652i4Xs9RwAGjW9d9y6X88t8OaAJfWQ=="
				}
			}
		},
		"tabbable": {
			"version": "1.1.3",
			"resolved": "https://registry.npmjs.org/tabbable/-/tabbable-1.1.3.tgz",
			"integrity": "sha512-nOWwx35/JuDI4ONuF0ZTo6lYvI0fY0tZCH1ErzY2EXfu4az50ZyiUX8X073FLiZtmWUVlkRnuXsehjJgCw9tYg=="
		}
	}
}
