{
	"name": "bpk-component-section-list",
	"version": "4.0.1",
	"lockfileVersion": 1,
	"requires": true,
	"dependencies": {
		"@skyscanner/bpk-foundations-common": {
			"version": "3.1.0",
			"resolved": "https://registry.npmjs.org/@skyscanner/bpk-foundations-common/-/bpk-foundations-common-3.1.0.tgz",
			"integrity": "sha512-mfEw07Eyzs5kvVx7yx4g8GM1vjhnegoaGZymHyH2yK8WQvcTBNyDNSFDmrcGJtNZetdrvjmzg5Xcb5nsZsFLXg==",
			"requires": {
				"color": "^3.0.0"
			}
		},
		"@skyscanner/bpk-foundations-web": {
			"version": "9.2.0",
			"resolved": "https://registry.npmjs.org/@skyscanner/bpk-foundations-web/-/bpk-foundations-web-9.2.0.tgz",
			"integrity": "sha512-oEagCtp4ZuNQWV4F/kJMC2HRaVJsKVZYmLqCxFVvSFnBYVMNurT5Zg0j9yib32CFVF46CUrzl/vEMqWKcw8rnQ==",
			"requires": {
				"@skyscanner/bpk-foundations-common": "^3.1.0",
				"color": "^3.0.0"
			}
		},
		"@skyscanner/bpk-svgs": {
			"version": "14.4.1",
			"resolved": "https://registry.npmjs.org/@skyscanner/bpk-svgs/-/bpk-svgs-14.4.1.tgz",
			"integrity": "sha512-P0wBFhbae5I+cyVbvCnRmhQt0xRHrHZKNBdbLaB7d4T6ezmSY0xOfgXSZo34etXjLi3IRa/m5hNZ7LBIARrMNQ=="
		},
		"bpk-mixins": {
			"version": "31.6.1",
			"resolved": "https://registry.npmjs.org/bpk-mixins/-/bpk-mixins-31.6.1.tgz",
			"integrity": "sha512-PVkXIkbC8JIMK5r6f3g+eHi5QgjaOX/yMEgvu3MdrJpsjIOGT+a2pffijyYZWTYztedCAhgXv/A0J9/Du8eihA==",
			"requires": {
				"@skyscanner/bpk-foundations-web": "^9.2.0",
				"@skyscanner/bpk-svgs": "^14.4.1"
			}
		},
		"color": {
			"version": "3.2.1",
			"resolved": "https://registry.npmjs.org/color/-/color-3.2.1.tgz",
			"integrity": "sha512-aBl7dZI9ENN6fUGC7mWpMTPNHmWUSNan9tuWN6ahh5ZLNk9baLJOnSMlrQkHcrfFgz2/RigjUVAjdx36VcemKA==",
			"requires": {
				"color-convert": "^1.9.3",
				"color-string": "^1.6.0"
			}
		},
		"color-convert": {
			"version": "1.9.3",
			"resolved": "https://registry.npmjs.org/color-convert/-/color-convert-1.9.3.tgz",
			"integrity": "sha512-QfAUtd+vFdAtFQcC8CCyYt1fYWxSqAiK2cSD6zDB8N3cpsEBAvRxp9zOGg6G/SHHJYAT88/az/IuDGALsNVbGg==",
			"requires": {
				"color-name": "1.1.3"
			}
		},
		"color-name": {
			"version": "1.1.3",
			"resolved": "https://registry.npmjs.org/color-name/-/color-name-1.1.3.tgz",
			"integrity": "sha512-72fSenhMw2HZMTVHeCA9KCmpEIbzWiQsjN+BHcBbS9vr1mtt+vJjPdksIBNUmKAW8TFUDPJK5SUU3QhE9NEXDw=="
		},
		"color-string": {
			"version": "1.9.1",
			"resolved": "https://registry.npmjs.org/color-string/-/color-string-1.9.1.tgz",
			"integrity": "sha512-shrVawQFojnZv6xM40anx4CkoDP+fZsw/ZerEMsW/pyzsRbElpsL/DBVW7q3ExxwusdNXI3lXpuhEZkzs8p5Eg==",
			"requires": {
				"color-name": "^1.0.0",
				"simple-swizzle": "^0.2.2"
			}
		},
		"is-arrayish": {
			"version": "0.3.2",
			"resolved": "https://registry.npmjs.org/is-arrayish/-/is-arrayish-0.3.2.tgz",
			"integrity": "sha512-eVRqCvVlZbuw3GrM63ovNSNAeA1K16kaR/LRY/92w0zxQ5/1YzwblUX652i4Xs9RwAGjW9d9y6X88t8OaAJfWQ=="
		},
		"js-tokens": {
			"version": "4.0.0",
			"resolved": "https://registry.npmjs.org/js-tokens/-/js-tokens-4.0.0.tgz",
			"integrity": "sha512-RdJUflcE3cUzKiMqQgsCu06FPu9UdIJO0beYbPhHN4k6apgJtifcoCtT9bcxOpYBtpD2kCM6Sbzg4CausW/PKQ=="
		},
		"loose-envify": {
			"version": "1.4.0",
			"resolved": "https://registry.npmjs.org/loose-envify/-/loose-envify-1.4.0.tgz",
			"integrity": "sha512-lyuxPGr/Wfhrlem2CL/UcnUc1zcqKAImBDzukY7Y5F/yQiNdko6+fRLevlw1HgMySw7f611UIY408EtxRSoK3Q==",
			"requires": {
				"js-tokens": "^3.0.0 || ^4.0.0"
			}
		},
		"object-assign": {
			"version": "4.1.1",
			"resolved": "https://registry.npmjs.org/object-assign/-/object-assign-4.1.1.tgz",
			"integrity": "sha1-IQmtx5ZYh8/AXLvUQsrIv7s2CGM="
		},
		"prop-types": {
			"version": "15.8.1",
			"resolved": "https://registry.npmjs.org/prop-types/-/prop-types-15.8.1.tgz",
			"integrity": "sha512-oj87CgZICdulUohogVAR7AjlC0327U4el4L6eAvOqCeudMDVU0NThNaV+b9Df4dXgSP1gXMTnPdhfe/2qDH5cg==",
			"requires": {
				"loose-envify": "^1.4.0",
				"object-assign": "^4.1.1",
				"react-is": "^16.13.1"
			}
		},
		"react-is": {
			"version": "16.13.1",
			"resolved": "https://registry.npmjs.org/react-is/-/react-is-16.13.1.tgz",
			"integrity": "sha512-24e6ynE2H+OKt4kqsOvNd8kBpV65zoxbA4BVsEOB3ARVWQki/DHzaUoC5KuON/BiccDaCCTZBuOcfZs70kR8bQ=="
		},
		"simple-swizzle": {
			"version": "0.2.2",
			"resolved": "https://registry.npmjs.org/simple-swizzle/-/simple-swizzle-0.2.2.tgz",
			"integrity": "sha512-JA//kQgZtbuY83m+xT+tXJkmJncGMTFT+C+g2h2R9uxkYIrE2yy9sgmcLhCnw57/WSD+Eh3J97FPEDFnbXnDUg==",
			"requires": {
				"is-arrayish": "^0.3.1"
			}
		}
	}
}
